// !$*UTF8*$!
{
	archiveVersion = 1;
	classes = {
	};
	objectVersion = 46;
	objects = {

/* Begin PBXAggregateTarget section */
		7B7A1FB61AB89C6A0089A9FC /* Framework */ = {
			isa = PBXAggregateTarget;
			buildConfigurationList = 7B7A1FB71AB89C6A0089A9FC /* Build configuration list for PBXAggregateTarget "Framework" */;
			buildPhases = (
				7B7A1FBC1AB89C8E0089A9FC /* ShellScript */,
			);
			dependencies = (
				7B7A1FBB1AB89C7E0089A9FC /* PBXTargetDependency */,
			);
			name = Framework;
			productName = Framework;
		};
/* End PBXAggregateTarget section */

/* Begin PBXBuildFile section */
		65BB033D7F3187A7F0B8E668 /* libPods-Syncing Tests.a in Frameworks */ = {isa = PBXBuildFile; fileRef = 36A7816E688B3C797004B85B /* libPods-Syncing Tests.a */; };
		7B1321C81AAF7CB800EAB1AF /* libPods-Syncing Tests-OCMock.a in Frameworks */ = {isa = PBXBuildFile; fileRef = 7B1321C71AAF7CB800EAB1AF /* libPods-Syncing Tests-OCMock.a */; };
		7B1321CA1AAF7CE200EAB1AF /* DataSyncHelperPartialTests.m in Sources */ = {isa = PBXBuildFile; fileRef = 7B1321C91AAF7CE200EAB1AF /* DataSyncHelperPartialTests.m */; };
		7B1C08EA1AAFA13500111904 /* send-data-response-first.json in Resources */ = {isa = PBXBuildFile; fileRef = 7B1C08E91AAFA13500111904 /* send-data-response-first.json */; };
		7B1C08EC1AAFA17000111904 /* send-data-response-second.json in Resources */ = {isa = PBXBuildFile; fileRef = 7B1C08EB1AAFA17000111904 /* send-data-response-second.json */; };
		7B1C08EE1AAFA18400111904 /* send-data-response-third.json in Resources */ = {isa = PBXBuildFile; fileRef = 7B1C08ED1AAFA18400111904 /* send-data-response-third.json */; };
		7B1C08F01AAFADF900111904 /* send-data-request-first.json in Resources */ = {isa = PBXBuildFile; fileRef = 7B1C08EF1AAFADF900111904 /* send-data-request-first.json */; };
		7B1C08F21AAFAE0E00111904 /* send-data-request-second.json in Resources */ = {isa = PBXBuildFile; fileRef = 7B1C08F11AAFAE0E00111904 /* send-data-request-second.json */; };
		7B1C08F41AAFAE2200111904 /* send-data-request-third.json in Resources */ = {isa = PBXBuildFile; fileRef = 7B1C08F31AAFAE2200111904 /* send-data-request-third.json */; };
		7B1F59491AA74DC900EDCC38 /* syncing-config.json in Resources */ = {isa = PBXBuildFile; fileRef = 7B1F59481AA74DC900EDCC38 /* syncing-config.json */; };
		7B1F594C1AA7B1DD00EDCC38 /* TestSyncManager.m in Sources */ = {isa = PBXBuildFile; fileRef = 7B1F594B1AA7B1DD00EDCC38 /* TestSyncManager.m */; };
		7B27BFBC1A9A7F1000C7548E /* SyncConfig.m in Sources */ = {isa = PBXBuildFile; fileRef = 7B27BFBB1A9A7F1000C7548E /* SyncConfig.m */; };
		7B2E8A4B1AADD7180069DF31 /* DataSyncHelperTests.m in Sources */ = {isa = PBXBuildFile; fileRef = 7B2E8A4A1AADD7180069DF31 /* DataSyncHelperTests.m */; };
		7B2E8A4D1AADDF320069DF31 /* modified-data-registros.json in Resources */ = {isa = PBXBuildFile; fileRef = 7B2E8A4C1AADDF320069DF31 /* modified-data-registros.json */; };
		7B3D13931AA0E68B0022525A /* CustomException.m in Sources */ = {isa = PBXBuildFile; fileRef = 7B3D13921AA0E68B0022525A /* CustomException.m */; };
		7B3DDCA71A9DFB9900966A5B /* CustomTransactionManager.m in Sources */ = {isa = PBXBuildFile; fileRef = 7B3DDCA61A9DFB9900966A5B /* CustomTransactionManager.m */; };
		7B42B64F1AB8A8D200F02528 /* ThreadChecker.h in Headers */ = {isa = PBXBuildFile; fileRef = 7BADD13A1A8BDABF0005FC5E /* ThreadChecker.h */; settings = {ATTRIBUTES = (Public, ); }; };
		7B42B6501AB8A8D200F02528 /* SyncManager.h in Headers */ = {isa = PBXBuildFile; fileRef = 7B5F22081A8D2FC80031E2F2 /* SyncManager.h */; settings = {ATTRIBUTES = (Public, ); }; };
		7B42B6511AB8A8D200F02528 /* ServerComm.h in Headers */ = {isa = PBXBuildFile; fileRef = 7B5F220A1A8D3AC50031E2F2 /* ServerComm.h */; settings = {ATTRIBUTES = (Public, ); }; };
		7B42B6521AB8A8D200F02528 /* DataSyncHelper.h in Headers */ = {isa = PBXBuildFile; fileRef = 7BAEDBBA1A97B69E0078AEA9 /* DataSyncHelper.h */; settings = {ATTRIBUTES = (Public, ); }; };
		7B42B6531AB8A8D200F02528 /* SyncConfig.h in Headers */ = {isa = PBXBuildFile; fileRef = 7B27BFBA1A9A7F1000C7548E /* SyncConfig.h */; settings = {ATTRIBUTES = (Public, ); }; };
		7B42B6541AB8A8D200F02528 /* CustomTransactionManager.h in Headers */ = {isa = PBXBuildFile; fileRef = 7B3DDCA51A9DFB9900966A5B /* CustomTransactionManager.h */; settings = {ATTRIBUTES = (Public, ); }; };
		7B42B6551AB8A8D200F02528 /* AsyncBus.h in Headers */ = {isa = PBXBuildFile; fileRef = 7BB63C761A9F977C00C0124C /* AsyncBus.h */; settings = {ATTRIBUTES = (Public, ); }; };
		7B42B6561AB8A8D200F02528 /* DatabaseProvider.h in Headers */ = {isa = PBXBuildFile; fileRef = 7BB59EC31AA0ACD700783657 /* DatabaseProvider.h */; settings = {ATTRIBUTES = (Public, ); }; };
		7B42B6581AB8A8D200F02528 /* CustomException.h in Headers */ = {isa = PBXBuildFile; fileRef = 7B3D13911AA0E68B0022525A /* CustomException.h */; settings = {ATTRIBUTES = (Public, ); }; };
		7B42B6591AB8A8D200F02528 /* AbstractLoginActivity.h in Headers */ = {isa = PBXBuildFile; fileRef = 7BD43C4D1AB1C65C00C58368 /* AbstractLoginActivity.h */; settings = {ATTRIBUTES = (Public, ); }; };
		7B42B65A1AB8A8D200F02528 /* ServerAuthenticate.h in Headers */ = {isa = PBXBuildFile; fileRef = 7BD43C501AB20E8200C58368 /* ServerAuthenticate.h */; settings = {ATTRIBUTES = (Public, ); }; };
		7B5F220C1A8D3AC50031E2F2 /* ServerComm.m in Sources */ = {isa = PBXBuildFile; fileRef = 7B5F220B1A8D3AC50031E2F2 /* ServerComm.m */; };
		7B63D8C51AA8CF0C005D781A /* SyncConfigTests.m in Sources */ = {isa = PBXBuildFile; fileRef = 7B63D8C41AA8CF0C005D781A /* SyncConfigTests.m */; };
		7B63D8C71AA8CF78005D781A /* ServerCommTests.m in Sources */ = {isa = PBXBuildFile; fileRef = 7B63D8C61AA8CF78005D781A /* ServerCommTests.m */; };
		7B6CD0D91AAF6356009B7ACA /* get-data-for-model-request.json in Resources */ = {isa = PBXBuildFile; fileRef = 7B6CD0D81AAF6356009B7ACA /* get-data-for-model-request.json */; };
		7B7A1FB41AB899E30089A9FC /* Syncing.h in Headers */ = {isa = PBXBuildFile; fileRef = 7BADD1201A8BD82B0005FC5E /* Syncing.h */; settings = {ATTRIBUTES = (Public, ); }; };
		7B82A2C31AB3741900636503 /* ServerAuthenticateTests.m in Sources */ = {isa = PBXBuildFile; fileRef = 7B82A2C21AB3741900636503 /* ServerAuthenticateTests.m */; };
		7BADD13C1A8BDABF0005FC5E /* ThreadChecker.m in Sources */ = {isa = PBXBuildFile; fileRef = 7BADD13B1A8BDABF0005FC5E /* ThreadChecker.m */; };
		7BAEDBBC1A97B69E0078AEA9 /* DataSyncHelper.m in Sources */ = {isa = PBXBuildFile; fileRef = 7BAEDBBB1A97B69E0078AEA9 /* DataSyncHelper.m */; };
		7BAF980B1B1CA4BD00FDE4AA /* SecuryUtilTests.m in Sources */ = {isa = PBXBuildFile; fileRef = 7BAF980A1B1CA4BD00FDE4AA /* SecuryUtilTests.m */; };
		7BB59D181AAF6D270088A7BA /* send-data-request.json in Resources */ = {isa = PBXBuildFile; fileRef = 7BB59D171AAF6D270088A7BA /* send-data-request.json */; };
		7BB59EC51AA0ACD700783657 /* DatabaseProvider.m in Sources */ = {isa = PBXBuildFile; fileRef = 7BB59EC41AA0ACD700783657 /* DatabaseProvider.m */; };
		7BB63C781A9F977C00C0124C /* AsyncBus.m in Sources */ = {isa = PBXBuildFile; fileRef = 7BB63C771A9F977C00C0124C /* AsyncBus.m */; };
		7BB7A1401AADED3E00E0330F /* modified-data-empresas.json in Resources */ = {isa = PBXBuildFile; fileRef = 7BB7A13F1AADED3E00E0330F /* modified-data-empresas.json */; };
		7BB7A1421AAE12B700E0330F /* get-data-response.json in Resources */ = {isa = PBXBuildFile; fileRef = 7BB7A1411AAE12B700E0330F /* get-data-response.json */; };
		7BB7A1441AAE12C900E0330F /* send-data-response.json in Resources */ = {isa = PBXBuildFile; fileRef = 7BB7A1431AAE12C900E0330F /* send-data-response.json */; };
		7BB7A1461AAE12DE00E0330F /* get-data-for-model-response.json in Resources */ = {isa = PBXBuildFile; fileRef = 7BB7A1451AAE12DE00E0330F /* get-data-for-model-response.json */; };
		7BBE8F611AFA3C8500155AC4 /* ReadOnlyAbstractSyncManager.h in Headers */ = {isa = PBXBuildFile; fileRef = 7BBE8F5F1AFA3C8500155AC4 /* ReadOnlyAbstractSyncManager.h */; settings = {ATTRIBUTES = (Public, ); }; };
		7BBE8F621AFA3C8500155AC4 /* ReadOnlyAbstractSyncManager.m in Sources */ = {isa = PBXBuildFile; fileRef = 7BBE8F601AFA3C8500155AC4 /* ReadOnlyAbstractSyncManager.m */; };
		7BC4B2CF1AAA3620000F30AE /* libPods-Syncing Tests-OHHTTPStubs.a in Frameworks */ = {isa = PBXBuildFile; fileRef = 7BC4B2CE1AAA3620000F30AE /* libPods-Syncing Tests-OHHTTPStubs.a */; };
		7BCCF7521AF826C6007F6B09 /* SyncingInjection.h in Headers */ = {isa = PBXBuildFile; fileRef = 7BCCF7501AF826C6007F6B09 /* SyncingInjection.h */; settings = {ATTRIBUTES = (Public, ); }; };
		7BCCF7531AF826C6007F6B09 /* SyncingInjection.m in Sources */ = {isa = PBXBuildFile; fileRef = 7BCCF7511AF826C6007F6B09 /* SyncingInjection.m */; };
		7BCFBE2D1B3705A000AC1553 /* SyncEvent.h in Headers */ = {isa = PBXBuildFile; fileRef = 7BCFBE2B1B3705A000AC1553 /* SyncEvent.h */; settings = {ATTRIBUTES = (Public, ); }; };
		7BCFBE2E1B3705A000AC1553 /* SyncEvent.m in Sources */ = {isa = PBXBuildFile; fileRef = 7BCFBE2C1B3705A000AC1553 /* SyncEvent.m */; };
		7BD43C4F1AB1C65C00C58368 /* AbstractLoginActivity.m in Sources */ = {isa = PBXBuildFile; fileRef = 7BD43C4E1AB1C65C00C58368 /* AbstractLoginActivity.m */; };
		7BD43C521AB20E8200C58368 /* ServerAuthenticate.m in Sources */ = {isa = PBXBuildFile; fileRef = 7BD43C511AB20E8200C58368 /* ServerAuthenticate.m */; };
		7BD4BADB1AAE19EE00194BFB /* get-data-request.json in Resources */ = {isa = PBXBuildFile; fileRef = 7BD4BADA1AAE19EE00194BFB /* get-data-request.json */; };
		7BD4BADE1AAE3F0600194BFB /* libPods-Syncing Tests-OCHamcrest.a in Frameworks */ = {isa = PBXBuildFile; fileRef = 7BD4BADC1AAE3F0600194BFB /* libPods-Syncing Tests-OCHamcrest.a */; };
		7BD4BADF1AAE3F0600194BFB /* libPods-Syncing Tests-OCMockito.a in Frameworks */ = {isa = PBXBuildFile; fileRef = 7BD4BADD1AAE3F0600194BFB /* libPods-Syncing Tests-OCMockito.a */; };
		7BD7E7411B15F07D00FC984C /* SecurityUtil.h in Headers */ = {isa = PBXBuildFile; fileRef = 7BD7E73F1B15F07D00FC984C /* SecurityUtil.h */; settings = {ATTRIBUTES = (Public, ); }; };
		7BD7E7421B15F07D00FC984C /* SecurityUtil.m in Sources */ = {isa = PBXBuildFile; fileRef = 7BD7E7401B15F07D00FC984C /* SecurityUtil.m */; };
		7BD7E7441B1613A800FC984C /* libPods-Syncing-Raven.a in Frameworks */ = {isa = PBXBuildFile; fileRef = 7BD7E7431B1613A800FC984C /* libPods-Syncing-Raven.a */; };
		7BD7E7461B1613AB00FC984C /* libPods-Syncing-RNCryptor.a in Frameworks */ = {isa = PBXBuildFile; fileRef = 7BD7E7451B1613AB00FC984C /* libPods-Syncing-RNCryptor.a */; };
		7BDA73E21B543418003B00BA /* SyncModelSerializer.h in Headers */ = {isa = PBXBuildFile; fileRef = 7BDA73E01B543418003B00BA /* SyncModelSerializer.h */; };
		7BDA73E31B543419003B00BA /* SyncModelSerializer.m in Sources */ = {isa = PBXBuildFile; fileRef = 7BDA73E11B543418003B00BA /* SyncModelSerializer.m */; };
		7BE466161B4C052E00B63C6A /* JSONSerializer.h in Headers */ = {isa = PBXBuildFile; fileRef = 7BE466141B4C052E00B63C6A /* JSONSerializer.h */; };
		7BE466171B4C052E00B63C6A /* JSONSerializer.m in Sources */ = {isa = PBXBuildFile; fileRef = 7BE466151B4C052E00B63C6A /* JSONSerializer.m */; };
		7BE4661B1B4C059400B63C6A /* FieldSerializer.h in Headers */ = {isa = PBXBuildFile; fileRef = 7BE466191B4C059400B63C6A /* FieldSerializer.h */; };
		7BE4661C1B4C059400B63C6A /* FieldSerializer.m in Sources */ = {isa = PBXBuildFile; fileRef = 7BE4661A1B4C059400B63C6A /* FieldSerializer.m */; };
		7BE4661F1B4C198800B63C6A /* DateSerializer.h in Headers */ = {isa = PBXBuildFile; fileRef = 7BE4661D1B4C198800B63C6A /* DateSerializer.h */; };
		7BE466201B4C198800B63C6A /* DateSerializer.m in Sources */ = {isa = PBXBuildFile; fileRef = 7BE4661E1B4C198800B63C6A /* DateSerializer.m */; };
		7BE466271B4C568200B63C6A /* AbstractSyncManager.h in Headers */ = {isa = PBXBuildFile; fileRef = 7BE466251B4C568200B63C6A /* AbstractSyncManager.h */; };
		7BE466281B4C568200B63C6A /* AbstractSyncManager.m in Sources */ = {isa = PBXBuildFile; fileRef = 7BE466261B4C568200B63C6A /* AbstractSyncManager.m */; };
		7BE4662B1B4C6A6E00B63C6A /* SerializationUtil.h in Headers */ = {isa = PBXBuildFile; fileRef = 7BE466291B4C6A6E00B63C6A /* SerializationUtil.h */; };
		7BE4662C1B4C6A6E00B63C6A /* SerializationUtil.m in Sources */ = {isa = PBXBuildFile; fileRef = 7BE4662A1B4C6A6E00B63C6A /* SerializationUtil.m */; };
		7BE488421B4ED81900985165 /* Annotations.h in Headers */ = {isa = PBXBuildFile; fileRef = 7BE488401B4ED81900985165 /* Annotations.h */; };
		7BE488431B4ED81900985165 /* Annotations.m in Sources */ = {isa = PBXBuildFile; fileRef = 7BE488411B4ED81900985165 /* Annotations.m */; };
		7BE488471B4F0A2B00985165 /* SyncEntity.h in Headers */ = {isa = PBXBuildFile; fileRef = 7BE488451B4F0A2B00985165 /* SyncEntity.h */; };
		7BE488481B4F0A2B00985165 /* SyncEntity.m in Sources */ = {isa = PBXBuildFile; fileRef = 7BE488461B4F0A2B00985165 /* SyncEntity.m */; };
		7BF770AC1AA4A4C2007BCAD6 /* Syncing_Tests.m in Sources */ = {isa = PBXBuildFile; fileRef = 7BF770AB1AA4A4C2007BCAD6 /* Syncing_Tests.m */; };
		7BF770AD1AA4A4C2007BCAD6 /* libSyncing.a in Frameworks */ = {isa = PBXBuildFile; fileRef = 7BADD11D1A8BD82B0005FC5E /* libSyncing.a */; };
		97C3760E6309FFF06658366D /* libPods-Syncing.a in Frameworks */ = {isa = PBXBuildFile; fileRef = 8274EA1BBEBBDAEADFFED2F8 /* libPods-Syncing.a */; };
/* End PBXBuildFile section */

/* Begin PBXContainerItemProxy section */
		7B7A1FBA1AB89C7E0089A9FC /* PBXContainerItemProxy */ = {
			isa = PBXContainerItemProxy;
			containerPortal = 7BADD1151A8BD82B0005FC5E /* Project object */;
			proxyType = 1;
			remoteGlobalIDString = 7BADD11C1A8BD82B0005FC5E;
			remoteInfo = Syncing;
		};
		7BF770AE1AA4A4C2007BCAD6 /* PBXContainerItemProxy */ = {
			isa = PBXContainerItemProxy;
			containerPortal = 7BADD1151A8BD82B0005FC5E /* Project object */;
			proxyType = 1;
			remoteGlobalIDString = 7BADD11C1A8BD82B0005FC5E;
			remoteInfo = Syncing;
		};
/* End PBXContainerItemProxy section */

/* Begin PBXFileReference section */
		0803E7C53E6B999342251010 /* Pods-Syncing.debug.xcconfig */ = {isa = PBXFileReference; includeInIndex = 1; lastKnownFileType = text.xcconfig; name = "Pods-Syncing.debug.xcconfig"; path = "Pods/Target Support Files/Pods-Syncing/Pods-Syncing.debug.xcconfig"; sourceTree = "<group>"; };
		161FA42493D632D90DCC02EC /* Pods-Syncing Tests.release.xcconfig */ = {isa = PBXFileReference; includeInIndex = 1; lastKnownFileType = text.xcconfig; name = "Pods-Syncing Tests.release.xcconfig"; path = "Pods/Target Support Files/Pods-Syncing Tests/Pods-Syncing Tests.release.xcconfig"; sourceTree = "<group>"; };
		36A7816E688B3C797004B85B /* libPods-Syncing Tests.a */ = {isa = PBXFileReference; explicitFileType = archive.ar; includeInIndex = 0; path = "libPods-Syncing Tests.a"; sourceTree = BUILT_PRODUCTS_DIR; };
		7B1321C71AAF7CB800EAB1AF /* libPods-Syncing Tests-OCMock.a */ = {isa = PBXFileReference; lastKnownFileType = archive.ar; name = "libPods-Syncing Tests-OCMock.a"; path = "Pods/build/Debug-iphoneos/libPods-Syncing Tests-OCMock.a"; sourceTree = "<group>"; };
		7B1321C91AAF7CE200EAB1AF /* DataSyncHelperPartialTests.m */ = {isa = PBXFileReference; fileEncoding = 4; lastKnownFileType = sourcecode.c.objc; path = DataSyncHelperPartialTests.m; sourceTree = "<group>"; };
		7B1C08E91AAFA13500111904 /* send-data-response-first.json */ = {isa = PBXFileReference; fileEncoding = 4; lastKnownFileType = text.json; path = "send-data-response-first.json"; sourceTree = "<group>"; };
		7B1C08EB1AAFA17000111904 /* send-data-response-second.json */ = {isa = PBXFileReference; fileEncoding = 4; lastKnownFileType = text.json; path = "send-data-response-second.json"; sourceTree = "<group>"; };
		7B1C08ED1AAFA18400111904 /* send-data-response-third.json */ = {isa = PBXFileReference; fileEncoding = 4; lastKnownFileType = text.json; path = "send-data-response-third.json"; sourceTree = "<group>"; };
		7B1C08EF1AAFADF900111904 /* send-data-request-first.json */ = {isa = PBXFileReference; fileEncoding = 4; lastKnownFileType = text.json; path = "send-data-request-first.json"; sourceTree = "<group>"; };
		7B1C08F11AAFAE0E00111904 /* send-data-request-second.json */ = {isa = PBXFileReference; fileEncoding = 4; lastKnownFileType = text.json; path = "send-data-request-second.json"; sourceTree = "<group>"; };
		7B1C08F31AAFAE2200111904 /* send-data-request-third.json */ = {isa = PBXFileReference; fileEncoding = 4; lastKnownFileType = text.json; path = "send-data-request-third.json"; sourceTree = "<group>"; };
		7B1F59481AA74DC900EDCC38 /* syncing-config.json */ = {isa = PBXFileReference; fileEncoding = 4; lastKnownFileType = text.json; path = "syncing-config.json"; sourceTree = "<group>"; };
		7B1F594A1AA7B1DD00EDCC38 /* TestSyncManager.h */ = {isa = PBXFileReference; fileEncoding = 4; lastKnownFileType = sourcecode.c.h; path = TestSyncManager.h; sourceTree = "<group>"; };
		7B1F594B1AA7B1DD00EDCC38 /* TestSyncManager.m */ = {isa = PBXFileReference; fileEncoding = 4; lastKnownFileType = sourcecode.c.objc; path = TestSyncManager.m; sourceTree = "<group>"; };
		7B27BFBA1A9A7F1000C7548E /* SyncConfig.h */ = {isa = PBXFileReference; fileEncoding = 4; lastKnownFileType = sourcecode.c.h; path = SyncConfig.h; sourceTree = "<group>"; };
		7B27BFBB1A9A7F1000C7548E /* SyncConfig.m */ = {isa = PBXFileReference; fileEncoding = 4; lastKnownFileType = sourcecode.c.objc; path = SyncConfig.m; sourceTree = "<group>"; };
		7B2E8A4A1AADD7180069DF31 /* DataSyncHelperTests.m */ = {isa = PBXFileReference; fileEncoding = 4; lastKnownFileType = sourcecode.c.objc; path = DataSyncHelperTests.m; sourceTree = "<group>"; };
		7B2E8A4C1AADDF320069DF31 /* modified-data-registros.json */ = {isa = PBXFileReference; fileEncoding = 4; lastKnownFileType = text.json; path = "modified-data-registros.json"; sourceTree = "<group>"; };
		7B3D13911AA0E68B0022525A /* CustomException.h */ = {isa = PBXFileReference; fileEncoding = 4; lastKnownFileType = sourcecode.c.h; path = CustomException.h; sourceTree = "<group>"; };
		7B3D13921AA0E68B0022525A /* CustomException.m */ = {isa = PBXFileReference; fileEncoding = 4; lastKnownFileType = sourcecode.c.objc; path = CustomException.m; sourceTree = "<group>"; };
		7B3DDCA51A9DFB9900966A5B /* CustomTransactionManager.h */ = {isa = PBXFileReference; fileEncoding = 4; lastKnownFileType = sourcecode.c.h; path = CustomTransactionManager.h; sourceTree = "<group>"; };
		7B3DDCA61A9DFB9900966A5B /* CustomTransactionManager.m */ = {isa = PBXFileReference; fileEncoding = 4; lastKnownFileType = sourcecode.c.objc; path = CustomTransactionManager.m; sourceTree = "<group>"; };
		7B5F22081A8D2FC80031E2F2 /* SyncManager.h */ = {isa = PBXFileReference; fileEncoding = 4; lastKnownFileType = sourcecode.c.h; path = SyncManager.h; sourceTree = "<group>"; };
		7B5F220A1A8D3AC50031E2F2 /* ServerComm.h */ = {isa = PBXFileReference; fileEncoding = 4; lastKnownFileType = sourcecode.c.h; path = ServerComm.h; sourceTree = "<group>"; };
		7B5F220B1A8D3AC50031E2F2 /* ServerComm.m */ = {isa = PBXFileReference; fileEncoding = 4; lastKnownFileType = sourcecode.c.objc; path = ServerComm.m; sourceTree = "<group>"; };
		7B63D8C41AA8CF0C005D781A /* SyncConfigTests.m */ = {isa = PBXFileReference; fileEncoding = 4; lastKnownFileType = sourcecode.c.objc; path = SyncConfigTests.m; sourceTree = "<group>"; };
		7B63D8C61AA8CF78005D781A /* ServerCommTests.m */ = {isa = PBXFileReference; fileEncoding = 4; lastKnownFileType = sourcecode.c.objc; path = ServerCommTests.m; sourceTree = "<group>"; };
		7B6CD0D81AAF6356009B7ACA /* get-data-for-model-request.json */ = {isa = PBXFileReference; fileEncoding = 4; lastKnownFileType = text.json; path = "get-data-for-model-request.json"; sourceTree = "<group>"; };
		7B82A2C21AB3741900636503 /* ServerAuthenticateTests.m */ = {isa = PBXFileReference; fileEncoding = 4; lastKnownFileType = sourcecode.c.objc; path = ServerAuthenticateTests.m; sourceTree = "<group>"; };
		7BADD11D1A8BD82B0005FC5E /* libSyncing.a */ = {isa = PBXFileReference; explicitFileType = archive.ar; includeInIndex = 0; path = libSyncing.a; sourceTree = BUILT_PRODUCTS_DIR; };
		7BADD1201A8BD82B0005FC5E /* Syncing.h */ = {isa = PBXFileReference; lastKnownFileType = sourcecode.c.h; path = Syncing.h; sourceTree = "<group>"; };
		7BADD13A1A8BDABF0005FC5E /* ThreadChecker.h */ = {isa = PBXFileReference; fileEncoding = 4; lastKnownFileType = sourcecode.c.h; path = ThreadChecker.h; sourceTree = "<group>"; };
		7BADD13B1A8BDABF0005FC5E /* ThreadChecker.m */ = {isa = PBXFileReference; fileEncoding = 4; lastKnownFileType = sourcecode.c.objc; path = ThreadChecker.m; sourceTree = "<group>"; };
		7BAEDBBA1A97B69E0078AEA9 /* DataSyncHelper.h */ = {isa = PBXFileReference; fileEncoding = 4; lastKnownFileType = sourcecode.c.h; path = DataSyncHelper.h; sourceTree = "<group>"; };
		7BAEDBBB1A97B69E0078AEA9 /* DataSyncHelper.m */ = {isa = PBXFileReference; fileEncoding = 4; lastKnownFileType = sourcecode.c.objc; path = DataSyncHelper.m; sourceTree = "<group>"; };
		7BAF980A1B1CA4BD00FDE4AA /* SecuryUtilTests.m */ = {isa = PBXFileReference; fileEncoding = 4; lastKnownFileType = sourcecode.c.objc; path = SecuryUtilTests.m; sourceTree = "<group>"; };
		7BB59D171AAF6D270088A7BA /* send-data-request.json */ = {isa = PBXFileReference; fileEncoding = 4; lastKnownFileType = text.json; path = "send-data-request.json"; sourceTree = "<group>"; };
		7BB59EC31AA0ACD700783657 /* DatabaseProvider.h */ = {isa = PBXFileReference; fileEncoding = 4; lastKnownFileType = sourcecode.c.h; path = DatabaseProvider.h; sourceTree = "<group>"; };
		7BB59EC41AA0ACD700783657 /* DatabaseProvider.m */ = {isa = PBXFileReference; fileEncoding = 4; lastKnownFileType = sourcecode.c.objc; path = DatabaseProvider.m; sourceTree = "<group>"; };
		7BB63C761A9F977C00C0124C /* AsyncBus.h */ = {isa = PBXFileReference; fileEncoding = 4; lastKnownFileType = sourcecode.c.h; path = AsyncBus.h; sourceTree = "<group>"; };
		7BB63C771A9F977C00C0124C /* AsyncBus.m */ = {isa = PBXFileReference; fileEncoding = 4; lastKnownFileType = sourcecode.c.objc; path = AsyncBus.m; sourceTree = "<group>"; };
		7BB7A13F1AADED3E00E0330F /* modified-data-empresas.json */ = {isa = PBXFileReference; fileEncoding = 4; lastKnownFileType = text.json; path = "modified-data-empresas.json"; sourceTree = "<group>"; };
		7BB7A1411AAE12B700E0330F /* get-data-response.json */ = {isa = PBXFileReference; fileEncoding = 4; lastKnownFileType = text.json; path = "get-data-response.json"; sourceTree = "<group>"; };
		7BB7A1431AAE12C900E0330F /* send-data-response.json */ = {isa = PBXFileReference; fileEncoding = 4; lastKnownFileType = text.json; path = "send-data-response.json"; sourceTree = "<group>"; };
		7BB7A1451AAE12DE00E0330F /* get-data-for-model-response.json */ = {isa = PBXFileReference; fileEncoding = 4; lastKnownFileType = text.json; path = "get-data-for-model-response.json"; sourceTree = "<group>"; };
		7BBE8F5F1AFA3C8500155AC4 /* ReadOnlyAbstractSyncManager.h */ = {isa = PBXFileReference; fileEncoding = 4; lastKnownFileType = sourcecode.c.h; path = ReadOnlyAbstractSyncManager.h; sourceTree = "<group>"; };
		7BBE8F601AFA3C8500155AC4 /* ReadOnlyAbstractSyncManager.m */ = {isa = PBXFileReference; fileEncoding = 4; lastKnownFileType = sourcecode.c.objc; path = ReadOnlyAbstractSyncManager.m; sourceTree = "<group>"; };
		7BC4B2CC1AAA3547000F30AE /* libPods-Syncing Tests-OHHTTPStubs.a */ = {isa = PBXFileReference; lastKnownFileType = archive.ar; name = "libPods-Syncing Tests-OHHTTPStubs.a"; path = "Pods/build/Debug-iphoneos/libPods-Syncing Tests-OHHTTPStubs.a"; sourceTree = "<group>"; };
		7BC4B2CE1AAA3620000F30AE /* libPods-Syncing Tests-OHHTTPStubs.a */ = {isa = PBXFileReference; lastKnownFileType = archive.ar; name = "libPods-Syncing Tests-OHHTTPStubs.a"; path = "Pods/build/Debug-iphoneos/libPods-Syncing Tests-OHHTTPStubs.a"; sourceTree = "<group>"; };
		7BC4B2D01AAA3643000F30AE /* libPods-Syncing Tests-OCMock.a */ = {isa = PBXFileReference; lastKnownFileType = archive.ar; name = "libPods-Syncing Tests-OCMock.a"; path = "Pods/build/Debug-iphoneos/libPods-Syncing Tests-OCMock.a"; sourceTree = "<group>"; };
		7BCCF7501AF826C6007F6B09 /* SyncingInjection.h */ = {isa = PBXFileReference; fileEncoding = 4; lastKnownFileType = sourcecode.c.h; path = SyncingInjection.h; sourceTree = "<group>"; };
		7BCCF7511AF826C6007F6B09 /* SyncingInjection.m */ = {isa = PBXFileReference; fileEncoding = 4; lastKnownFileType = sourcecode.c.objc; path = SyncingInjection.m; sourceTree = "<group>"; };
		7BCFBE2B1B3705A000AC1553 /* SyncEvent.h */ = {isa = PBXFileReference; fileEncoding = 4; lastKnownFileType = sourcecode.c.h; path = SyncEvent.h; sourceTree = "<group>"; };
		7BCFBE2C1B3705A000AC1553 /* SyncEvent.m */ = {isa = PBXFileReference; fileEncoding = 4; lastKnownFileType = sourcecode.c.objc; path = SyncEvent.m; sourceTree = "<group>"; };
		7BD43C4D1AB1C65C00C58368 /* AbstractLoginActivity.h */ = {isa = PBXFileReference; fileEncoding = 4; lastKnownFileType = sourcecode.c.h; path = AbstractLoginActivity.h; sourceTree = "<group>"; };
		7BD43C4E1AB1C65C00C58368 /* AbstractLoginActivity.m */ = {isa = PBXFileReference; fileEncoding = 4; lastKnownFileType = sourcecode.c.objc; path = AbstractLoginActivity.m; sourceTree = "<group>"; };
		7BD43C501AB20E8200C58368 /* ServerAuthenticate.h */ = {isa = PBXFileReference; fileEncoding = 4; lastKnownFileType = sourcecode.c.h; path = ServerAuthenticate.h; sourceTree = "<group>"; };
		7BD43C511AB20E8200C58368 /* ServerAuthenticate.m */ = {isa = PBXFileReference; fileEncoding = 4; lastKnownFileType = sourcecode.c.objc; path = ServerAuthenticate.m; sourceTree = "<group>"; };
		7BD4BADA1AAE19EE00194BFB /* get-data-request.json */ = {isa = PBXFileReference; fileEncoding = 4; lastKnownFileType = text.json; path = "get-data-request.json"; sourceTree = "<group>"; };
		7BD4BADC1AAE3F0600194BFB /* libPods-Syncing Tests-OCHamcrest.a */ = {isa = PBXFileReference; lastKnownFileType = archive.ar; name = "libPods-Syncing Tests-OCHamcrest.a"; path = "Pods/build/Debug-iphoneos/libPods-Syncing Tests-OCHamcrest.a"; sourceTree = "<group>"; };
		7BD4BADD1AAE3F0600194BFB /* libPods-Syncing Tests-OCMockito.a */ = {isa = PBXFileReference; lastKnownFileType = archive.ar; name = "libPods-Syncing Tests-OCMockito.a"; path = "Pods/build/Debug-iphoneos/libPods-Syncing Tests-OCMockito.a"; sourceTree = "<group>"; };
		7BD7E73D1B15E65500FC984C /* libPods-Syncing-Raven.a */ = {isa = PBXFileReference; lastKnownFileType = archive.ar; name = "libPods-Syncing-Raven.a"; path = "Pods/../build/Debug-iphoneos/libPods-Syncing-Raven.a"; sourceTree = "<group>"; };
		7BD7E73F1B15F07D00FC984C /* SecurityUtil.h */ = {isa = PBXFileReference; fileEncoding = 4; lastKnownFileType = sourcecode.c.h; path = SecurityUtil.h; sourceTree = "<group>"; };
		7BD7E7401B15F07D00FC984C /* SecurityUtil.m */ = {isa = PBXFileReference; fileEncoding = 4; lastKnownFileType = sourcecode.c.objc; path = SecurityUtil.m; sourceTree = "<group>"; };
		7BD7E7431B1613A800FC984C /* libPods-Syncing-Raven.a */ = {isa = PBXFileReference; lastKnownFileType = archive.ar; name = "libPods-Syncing-Raven.a"; path = "Pods/../build/Debug-iphoneos/libPods-Syncing-Raven.a"; sourceTree = "<group>"; };
		7BD7E7451B1613AB00FC984C /* libPods-Syncing-RNCryptor.a */ = {isa = PBXFileReference; lastKnownFileType = archive.ar; name = "libPods-Syncing-RNCryptor.a"; path = "Pods/../build/Debug-iphoneos/libPods-Syncing-RNCryptor.a"; sourceTree = "<group>"; };
		7BDA73E01B543418003B00BA /* SyncModelSerializer.h */ = {isa = PBXFileReference; fileEncoding = 4; lastKnownFileType = sourcecode.c.h; path = SyncModelSerializer.h; sourceTree = "<group>"; };
		7BDA73E11B543418003B00BA /* SyncModelSerializer.m */ = {isa = PBXFileReference; fileEncoding = 4; lastKnownFileType = sourcecode.c.objc; path = SyncModelSerializer.m; sourceTree = "<group>"; };
		7BE466141B4C052E00B63C6A /* JSONSerializer.h */ = {isa = PBXFileReference; fileEncoding = 4; lastKnownFileType = sourcecode.c.h; path = JSONSerializer.h; sourceTree = "<group>"; };
		7BE466151B4C052E00B63C6A /* JSONSerializer.m */ = {isa = PBXFileReference; fileEncoding = 4; lastKnownFileType = sourcecode.c.objc; path = JSONSerializer.m; sourceTree = "<group>"; };
		7BE466191B4C059400B63C6A /* FieldSerializer.h */ = {isa = PBXFileReference; fileEncoding = 4; lastKnownFileType = sourcecode.c.h; path = FieldSerializer.h; sourceTree = "<group>"; };
		7BE4661A1B4C059400B63C6A /* FieldSerializer.m */ = {isa = PBXFileReference; fileEncoding = 4; lastKnownFileType = sourcecode.c.objc; path = FieldSerializer.m; sourceTree = "<group>"; };
		7BE4661D1B4C198800B63C6A /* DateSerializer.h */ = {isa = PBXFileReference; fileEncoding = 4; lastKnownFileType = sourcecode.c.h; path = DateSerializer.h; sourceTree = "<group>"; };
		7BE4661E1B4C198800B63C6A /* DateSerializer.m */ = {isa = PBXFileReference; fileEncoding = 4; lastKnownFileType = sourcecode.c.objc; path = DateSerializer.m; sourceTree = "<group>"; };
		7BE466251B4C568200B63C6A /* AbstractSyncManager.h */ = {isa = PBXFileReference; fileEncoding = 4; lastKnownFileType = sourcecode.c.h; path = AbstractSyncManager.h; sourceTree = "<group>"; };
		7BE466261B4C568200B63C6A /* AbstractSyncManager.m */ = {isa = PBXFileReference; fileEncoding = 4; lastKnownFileType = sourcecode.c.objc; path = AbstractSyncManager.m; sourceTree = "<group>"; };
		7BE466291B4C6A6E00B63C6A /* SerializationUtil.h */ = {isa = PBXFileReference; fileEncoding = 4; lastKnownFileType = sourcecode.c.h; path = SerializationUtil.h; sourceTree = "<group>"; };
		7BE4662A1B4C6A6E00B63C6A /* SerializationUtil.m */ = {isa = PBXFileReference; fileEncoding = 4; lastKnownFileType = sourcecode.c.objc; path = SerializationUtil.m; sourceTree = "<group>"; };
		7BE488401B4ED81900985165 /* Annotations.h */ = {isa = PBXFileReference; fileEncoding = 4; lastKnownFileType = sourcecode.c.h; path = Annotations.h; sourceTree = "<group>"; };
		7BE488411B4ED81900985165 /* Annotations.m */ = {isa = PBXFileReference; fileEncoding = 4; lastKnownFileType = sourcecode.c.objc; path = Annotations.m; sourceTree = "<group>"; };
		7BE488451B4F0A2B00985165 /* SyncEntity.h */ = {isa = PBXFileReference; fileEncoding = 4; lastKnownFileType = sourcecode.c.h; path = SyncEntity.h; sourceTree = "<group>"; };
		7BE488461B4F0A2B00985165 /* SyncEntity.m */ = {isa = PBXFileReference; fileEncoding = 4; lastKnownFileType = sourcecode.c.objc; path = SyncEntity.m; sourceTree = "<group>"; };
		7BF770A71AA4A4C2007BCAD6 /* Syncing Tests.xctest */ = {isa = PBXFileReference; explicitFileType = wrapper.cfbundle; includeInIndex = 0; path = "Syncing Tests.xctest"; sourceTree = BUILT_PRODUCTS_DIR; };
		7BF770AA1AA4A4C2007BCAD6 /* Info.plist */ = {isa = PBXFileReference; lastKnownFileType = text.plist.xml; path = Info.plist; sourceTree = "<group>"; };
		7BF770AB1AA4A4C2007BCAD6 /* Syncing_Tests.m */ = {isa = PBXFileReference; lastKnownFileType = sourcecode.c.objc; path = Syncing_Tests.m; sourceTree = "<group>"; };
		8274EA1BBEBBDAEADFFED2F8 /* libPods-Syncing.a */ = {isa = PBXFileReference; explicitFileType = archive.ar; includeInIndex = 0; path = "libPods-Syncing.a"; sourceTree = BUILT_PRODUCTS_DIR; };
		9CC448A017E8E74B93780CA1 /* Pods-Syncing.release.xcconfig */ = {isa = PBXFileReference; includeInIndex = 1; lastKnownFileType = text.xcconfig; name = "Pods-Syncing.release.xcconfig"; path = "Pods/Target Support Files/Pods-Syncing/Pods-Syncing.release.xcconfig"; sourceTree = "<group>"; };
		B959F1E5B85C392AC8A201F4 /* Pods-Syncing Tests.debug.xcconfig */ = {isa = PBXFileReference; includeInIndex = 1; lastKnownFileType = text.xcconfig; name = "Pods-Syncing Tests.debug.xcconfig"; path = "Pods/Target Support Files/Pods-Syncing Tests/Pods-Syncing Tests.debug.xcconfig"; sourceTree = "<group>"; };
/* End PBXFileReference section */

/* Begin PBXFrameworksBuildPhase section */
		7BADD11A1A8BD82B0005FC5E /* Frameworks */ = {
			isa = PBXFrameworksBuildPhase;
			buildActionMask = 2147483647;
			files = (
				7BD7E7461B1613AB00FC984C /* libPods-Syncing-RNCryptor.a in Frameworks */,
				7BD7E7441B1613A800FC984C /* libPods-Syncing-Raven.a in Frameworks */,
				97C3760E6309FFF06658366D /* libPods-Syncing.a in Frameworks */,
			);
			runOnlyForDeploymentPostprocessing = 0;
		};
		7BF770A41AA4A4C2007BCAD6 /* Frameworks */ = {
			isa = PBXFrameworksBuildPhase;
			buildActionMask = 2147483647;
			files = (
				7B1321C81AAF7CB800EAB1AF /* libPods-Syncing Tests-OCMock.a in Frameworks */,
				7BD4BADE1AAE3F0600194BFB /* libPods-Syncing Tests-OCHamcrest.a in Frameworks */,
				7BD4BADF1AAE3F0600194BFB /* libPods-Syncing Tests-OCMockito.a in Frameworks */,
				7BC4B2CF1AAA3620000F30AE /* libPods-Syncing Tests-OHHTTPStubs.a in Frameworks */,
				7BF770AD1AA4A4C2007BCAD6 /* libSyncing.a in Frameworks */,
				65BB033D7F3187A7F0B8E668 /* libPods-Syncing Tests.a in Frameworks */,
			);
			runOnlyForDeploymentPostprocessing = 0;
		};
/* End PBXFrameworksBuildPhase section */

/* Begin PBXGroup section */
		2124A9B9354B7A83E12C67D9 /* Pods */ = {
			isa = PBXGroup;
			children = (
				B959F1E5B85C392AC8A201F4 /* Pods-Syncing Tests.debug.xcconfig */,
				161FA42493D632D90DCC02EC /* Pods-Syncing Tests.release.xcconfig */,
				0803E7C53E6B999342251010 /* Pods-Syncing.debug.xcconfig */,
				9CC448A017E8E74B93780CA1 /* Pods-Syncing.release.xcconfig */,
			);
			name = Pods;
			sourceTree = "<group>";
		};
		3F6D19F3020C365660A18031 /* Frameworks */ = {
			isa = PBXGroup;
			children = (
				7BD7E7451B1613AB00FC984C /* libPods-Syncing-RNCryptor.a */,
				7BD7E7431B1613A800FC984C /* libPods-Syncing-Raven.a */,
				7BD7E73D1B15E65500FC984C /* libPods-Syncing-Raven.a */,
				7B1321C71AAF7CB800EAB1AF /* libPods-Syncing Tests-OCMock.a */,
				7BD4BADC1AAE3F0600194BFB /* libPods-Syncing Tests-OCHamcrest.a */,
				7BD4BADD1AAE3F0600194BFB /* libPods-Syncing Tests-OCMockito.a */,
				7BC4B2D01AAA3643000F30AE /* libPods-Syncing Tests-OCMock.a */,
				7BC4B2CE1AAA3620000F30AE /* libPods-Syncing Tests-OHHTTPStubs.a */,
				7BC4B2CC1AAA3547000F30AE /* libPods-Syncing Tests-OHHTTPStubs.a */,
				36A7816E688B3C797004B85B /* libPods-Syncing Tests.a */,
				8274EA1BBEBBDAEADFFED2F8 /* libPods-Syncing.a */,
			);
			name = Frameworks;
			sourceTree = "<group>";
		};
		7BADD1141A8BD82B0005FC5E = {
			isa = PBXGroup;
			children = (
				7BADD11F1A8BD82B0005FC5E /* Syncing */,
				7BF770A81AA4A4C2007BCAD6 /* Syncing Tests */,
				7BADD11E1A8BD82B0005FC5E /* Products */,
				3F6D19F3020C365660A18031 /* Frameworks */,
				2124A9B9354B7A83E12C67D9 /* Pods */,
			);
			sourceTree = "<group>";
		};
		7BADD11E1A8BD82B0005FC5E /* Products */ = {
			isa = PBXGroup;
			children = (
				7BADD11D1A8BD82B0005FC5E /* libSyncing.a */,
				7BF770A71AA4A4C2007BCAD6 /* Syncing Tests.xctest */,
			);
			name = Products;
			sourceTree = "<group>";
		};
		7BADD11F1A8BD82B0005FC5E /* Syncing */ = {
			isa = PBXGroup;
			children = (
				7BD43C4D1AB1C65C00C58368 /* AbstractLoginActivity.h */,
				7BD43C4E1AB1C65C00C58368 /* AbstractLoginActivity.m */,
				7BE466251B4C568200B63C6A /* AbstractSyncManager.h */,
				7BE466261B4C568200B63C6A /* AbstractSyncManager.m */,
				7BB63C761A9F977C00C0124C /* AsyncBus.h */,
				7BB63C771A9F977C00C0124C /* AsyncBus.m */,
				7B3D13911AA0E68B0022525A /* CustomException.h */,
				7B3D13921AA0E68B0022525A /* CustomException.m */,
				7B3DDCA51A9DFB9900966A5B /* CustomTransactionManager.h */,
				7B3DDCA61A9DFB9900966A5B /* CustomTransactionManager.m */,
				7BB59EC31AA0ACD700783657 /* DatabaseProvider.h */,
				7BB59EC41AA0ACD700783657 /* DatabaseProvider.m */,
				7BAEDBBA1A97B69E0078AEA9 /* DataSyncHelper.h */,
				7BAEDBBB1A97B69E0078AEA9 /* DataSyncHelper.m */,
				7BBE8F5F1AFA3C8500155AC4 /* ReadOnlyAbstractSyncManager.h */,
				7BBE8F601AFA3C8500155AC4 /* ReadOnlyAbstractSyncManager.m */,
				7BD7E73F1B15F07D00FC984C /* SecurityUtil.h */,
				7BD7E7401B15F07D00FC984C /* SecurityUtil.m */,
				7BD43C501AB20E8200C58368 /* ServerAuthenticate.h */,
				7BD43C511AB20E8200C58368 /* ServerAuthenticate.m */,
				7B5F220A1A8D3AC50031E2F2 /* ServerComm.h */,
				7B5F220B1A8D3AC50031E2F2 /* ServerComm.m */,
				7B27BFBA1A9A7F1000C7548E /* SyncConfig.h */,
				7B27BFBB1A9A7F1000C7548E /* SyncConfig.m */,
				7BCFBE2B1B3705A000AC1553 /* SyncEvent.h */,
				7BCFBE2C1B3705A000AC1553 /* SyncEvent.m */,
				7BADD1201A8BD82B0005FC5E /* Syncing.h */,
				7BCCF7501AF826C6007F6B09 /* SyncingInjection.h */,
				7BCCF7511AF826C6007F6B09 /* SyncingInjection.m */,
				7B5F22081A8D2FC80031E2F2 /* SyncManager.h */,
				7BADD13A1A8BDABF0005FC5E /* ThreadChecker.h */,
				7BADD13B1A8BDABF0005FC5E /* ThreadChecker.m */,
				7BE466181B4C058600B63C6A /* Serialization */,
				7BE488451B4F0A2B00985165 /* SyncEntity.h */,
				7BE488461B4F0A2B00985165 /* SyncEntity.m */,
			);
			path = Syncing;
			sourceTree = "<group>";
		};
		7BE466181B4C058600B63C6A /* Serialization */ = {
			isa = PBXGroup;
			children = (
				7BE488441B4ED81E00985165 /* Annotations */,
				7BE466141B4C052E00B63C6A /* JSONSerializer.h */,
				7BE466151B4C052E00B63C6A /* JSONSerializer.m */,
				7BE466191B4C059400B63C6A /* FieldSerializer.h */,
				7BE4661A1B4C059400B63C6A /* FieldSerializer.m */,
				7BE4661D1B4C198800B63C6A /* DateSerializer.h */,
				7BE4661E1B4C198800B63C6A /* DateSerializer.m */,
				7BE466291B4C6A6E00B63C6A /* SerializationUtil.h */,
				7BE4662A1B4C6A6E00B63C6A /* SerializationUtil.m */,
				7BDA73E01B543418003B00BA /* SyncModelSerializer.h */,
				7BDA73E11B543418003B00BA /* SyncModelSerializer.m */,
			);
			name = Serialization;
			sourceTree = "<group>";
		};
		7BE488441B4ED81E00985165 /* Annotations */ = {
			isa = PBXGroup;
			children = (
				7BE488401B4ED81900985165 /* Annotations.h */,
				7BE488411B4ED81900985165 /* Annotations.m */,
			);
			name = Annotations;
			sourceTree = "<group>";
		};
		7BF770A81AA4A4C2007BCAD6 /* Syncing Tests */ = {
			isa = PBXGroup;
			children = (
				7B1321C91AAF7CE200EAB1AF /* DataSyncHelperPartialTests.m */,
				7B2E8A4A1AADD7180069DF31 /* DataSyncHelperTests.m */,
				7BAF980A1B1CA4BD00FDE4AA /* SecuryUtilTests.m */,
				7B82A2C21AB3741900636503 /* ServerAuthenticateTests.m */,
				7B63D8C61AA8CF78005D781A /* ServerCommTests.m */,
				7BF770A91AA4A4C2007BCAD6 /* Supporting Files */,
				7B63D8C41AA8CF0C005D781A /* SyncConfigTests.m */,
				7BF770AB1AA4A4C2007BCAD6 /* Syncing_Tests.m */,
				7B1F594A1AA7B1DD00EDCC38 /* TestSyncManager.h */,
				7B1F594B1AA7B1DD00EDCC38 /* TestSyncManager.m */,
			);
			path = "Syncing Tests";
			sourceTree = "<group>";
		};
		7BF770A91AA4A4C2007BCAD6 /* Supporting Files */ = {
			isa = PBXGroup;
			children = (
				7B1F59481AA74DC900EDCC38 /* syncing-config.json */,
				7BF770AA1AA4A4C2007BCAD6 /* Info.plist */,
				7B2E8A4C1AADDF320069DF31 /* modified-data-registros.json */,
				7BB7A13F1AADED3E00E0330F /* modified-data-empresas.json */,
				7BB7A1411AAE12B700E0330F /* get-data-response.json */,
				7BB7A1431AAE12C900E0330F /* send-data-response.json */,
				7BB7A1451AAE12DE00E0330F /* get-data-for-model-response.json */,
				7BD4BADA1AAE19EE00194BFB /* get-data-request.json */,
				7B6CD0D81AAF6356009B7ACA /* get-data-for-model-request.json */,
				7BB59D171AAF6D270088A7BA /* send-data-request.json */,
				7B1C08E91AAFA13500111904 /* send-data-response-first.json */,
				7B1C08EB1AAFA17000111904 /* send-data-response-second.json */,
				7B1C08ED1AAFA18400111904 /* send-data-response-third.json */,
				7B1C08EF1AAFADF900111904 /* send-data-request-first.json */,
				7B1C08F11AAFAE0E00111904 /* send-data-request-second.json */,
				7B1C08F31AAFAE2200111904 /* send-data-request-third.json */,
			);
			name = "Supporting Files";
			sourceTree = "<group>";
		};
/* End PBXGroup section */

/* Begin PBXHeadersBuildPhase section */
		7B7A1FB31AB899BC0089A9FC /* Headers */ = {
			isa = PBXHeadersBuildPhase;
			buildActionMask = 2147483647;
			files = (
				7BE4662B1B4C6A6E00B63C6A /* SerializationUtil.h in Headers */,
				7B7A1FB41AB899E30089A9FC /* Syncing.h in Headers */,
				7B42B6501AB8A8D200F02528 /* SyncManager.h in Headers */,
				7BDA73E21B543418003B00BA /* SyncModelSerializer.h in Headers */,
				7B42B6511AB8A8D200F02528 /* ServerComm.h in Headers */,
				7BE4661F1B4C198800B63C6A /* DateSerializer.h in Headers */,
				7B42B6591AB8A8D200F02528 /* AbstractLoginActivity.h in Headers */,
				7B42B6531AB8A8D200F02528 /* SyncConfig.h in Headers */,
				7BE4661B1B4C059400B63C6A /* FieldSerializer.h in Headers */,
				7BE466271B4C568200B63C6A /* AbstractSyncManager.h in Headers */,
				7B42B6551AB8A8D200F02528 /* AsyncBus.h in Headers */,
				7B42B6521AB8A8D200F02528 /* DataSyncHelper.h in Headers */,
				7BE488421B4ED81900985165 /* Annotations.h in Headers */,
				7B42B64F1AB8A8D200F02528 /* ThreadChecker.h in Headers */,
				7B42B6541AB8A8D200F02528 /* CustomTransactionManager.h in Headers */,
				7B42B6561AB8A8D200F02528 /* DatabaseProvider.h in Headers */,
				7B42B6581AB8A8D200F02528 /* CustomException.h in Headers */,
				7BE466161B4C052E00B63C6A /* JSONSerializer.h in Headers */,
				7BCCF7521AF826C6007F6B09 /* SyncingInjection.h in Headers */,
				7BE488471B4F0A2B00985165 /* SyncEntity.h in Headers */,
				7BBE8F611AFA3C8500155AC4 /* ReadOnlyAbstractSyncManager.h in Headers */,
				7BD7E7411B15F07D00FC984C /* SecurityUtil.h in Headers */,
				7BCFBE2D1B3705A000AC1553 /* SyncEvent.h in Headers */,
				7B42B65A1AB8A8D200F02528 /* ServerAuthenticate.h in Headers */,
			);
			runOnlyForDeploymentPostprocessing = 0;
		};
/* End PBXHeadersBuildPhase section */

/* Begin PBXNativeTarget section */
		7BADD11C1A8BD82B0005FC5E /* Syncing */ = {
			isa = PBXNativeTarget;
			buildConfigurationList = 7BADD1311A8BD82B0005FC5E /* Build configuration list for PBXNativeTarget "Syncing" */;
			buildPhases = (
				0CB2EC0DBDAB937E8D34EF2F /* Check Pods Manifest.lock */,
				7BADD1191A8BD82B0005FC5E /* Sources */,
				7BADD11A1A8BD82B0005FC5E /* Frameworks */,
				7B7A1FB31AB899BC0089A9FC /* Headers */,
				7B7A1FB51AB89A4F0089A9FC /* ShellScript */,
				4D2C9D73674FB35D8CFA15C1 /* Copy Pods Resources */,
			);
			buildRules = (
			);
			dependencies = (
			);
			name = Syncing;
			productName = Syncing;
			productReference = 7BADD11D1A8BD82B0005FC5E /* libSyncing.a */;
			productType = "com.apple.product-type.library.static";
		};
		7BF770A61AA4A4C2007BCAD6 /* Syncing Tests */ = {
			isa = PBXNativeTarget;
			buildConfigurationList = 7BF770B21AA4A4C2007BCAD6 /* Build configuration list for PBXNativeTarget "Syncing Tests" */;
			buildPhases = (
				97B56F5AD8175E48562AE511 /* Check Pods Manifest.lock */,
				7BF770A31AA4A4C2007BCAD6 /* Sources */,
				7BF770A41AA4A4C2007BCAD6 /* Frameworks */,
				7BF770A51AA4A4C2007BCAD6 /* Resources */,
				37E3067EC98B957C13511C78 /* Copy Pods Resources */,
			);
			buildRules = (
			);
			dependencies = (
				7BF770AF1AA4A4C2007BCAD6 /* PBXTargetDependency */,
			);
			name = "Syncing Tests";
			productName = "Syncing Tests";
			productReference = 7BF770A71AA4A4C2007BCAD6 /* Syncing Tests.xctest */;
			productType = "com.apple.product-type.bundle.unit-test";
		};
/* End PBXNativeTarget section */

/* Begin PBXProject section */
		7BADD1151A8BD82B0005FC5E /* Project object */ = {
			isa = PBXProject;
			attributes = {
				LastUpgradeCheck = 0610;
				ORGANIZATIONNAME = "Estúdio 89 Desenvolvimento de Software";
				TargetAttributes = {
					7B7A1FB61AB89C6A0089A9FC = {
						CreatedOnToolsVersion = 6.1;
					};
					7BADD11C1A8BD82B0005FC5E = {
						CreatedOnToolsVersion = 6.1;
					};
					7BF770A61AA4A4C2007BCAD6 = {
						CreatedOnToolsVersion = 6.1;
					};
				};
			};
			buildConfigurationList = 7BADD1181A8BD82B0005FC5E /* Build configuration list for PBXProject "Syncing" */;
			compatibilityVersion = "Xcode 3.2";
			developmentRegion = English;
			hasScannedForEncodings = 0;
			knownRegions = (
				en,
			);
			mainGroup = 7BADD1141A8BD82B0005FC5E;
			productRefGroup = 7BADD11E1A8BD82B0005FC5E /* Products */;
			projectDirPath = "";
			projectRoot = "";
			targets = (
				7BADD11C1A8BD82B0005FC5E /* Syncing */,
				7BF770A61AA4A4C2007BCAD6 /* Syncing Tests */,
				7B7A1FB61AB89C6A0089A9FC /* Framework */,
			);
		};
/* End PBXProject section */

/* Begin PBXResourcesBuildPhase section */
		7BF770A51AA4A4C2007BCAD6 /* Resources */ = {
			isa = PBXResourcesBuildPhase;
			buildActionMask = 2147483647;
			files = (
				7BB59D181AAF6D270088A7BA /* send-data-request.json in Resources */,
				7BB7A1461AAE12DE00E0330F /* get-data-for-model-response.json in Resources */,
				7B1C08EE1AAFA18400111904 /* send-data-response-third.json in Resources */,
				7B1F59491AA74DC900EDCC38 /* syncing-config.json in Resources */,
				7B1C08F01AAFADF900111904 /* send-data-request-first.json in Resources */,
				7BB7A1421AAE12B700E0330F /* get-data-response.json in Resources */,
				7BB7A1441AAE12C900E0330F /* send-data-response.json in Resources */,
				7BD4BADB1AAE19EE00194BFB /* get-data-request.json in Resources */,
				7B2E8A4D1AADDF320069DF31 /* modified-data-registros.json in Resources */,
				7B1C08F41AAFAE2200111904 /* send-data-request-third.json in Resources */,
				7B1C08EC1AAFA17000111904 /* send-data-response-second.json in Resources */,
				7B1C08EA1AAFA13500111904 /* send-data-response-first.json in Resources */,
				7B6CD0D91AAF6356009B7ACA /* get-data-for-model-request.json in Resources */,
				7BB7A1401AADED3E00E0330F /* modified-data-empresas.json in Resources */,
				7B1C08F21AAFAE0E00111904 /* send-data-request-second.json in Resources */,
			);
			runOnlyForDeploymentPostprocessing = 0;
		};
/* End PBXResourcesBuildPhase section */

/* Begin PBXShellScriptBuildPhase section */
		0CB2EC0DBDAB937E8D34EF2F /* Check Pods Manifest.lock */ = {
			isa = PBXShellScriptBuildPhase;
			buildActionMask = 2147483647;
			files = (
			);
			inputPaths = (
			);
			name = "Check Pods Manifest.lock";
			outputPaths = (
			);
			runOnlyForDeploymentPostprocessing = 0;
			shellPath = /bin/sh;
			shellScript = "diff \"${PODS_ROOT}/../Podfile.lock\" \"${PODS_ROOT}/Manifest.lock\" > /dev/null\nif [[ $? != 0 ]] ; then\n    cat << EOM\nerror: The sandbox is not in sync with the Podfile.lock. Run 'pod install' or update your CocoaPods installation.\nEOM\n    exit 1\nfi\n";
			showEnvVarsInLog = 0;
		};
		37E3067EC98B957C13511C78 /* Copy Pods Resources */ = {
			isa = PBXShellScriptBuildPhase;
			buildActionMask = 2147483647;
			files = (
			);
			inputPaths = (
			);
			name = "Copy Pods Resources";
			outputPaths = (
			);
			runOnlyForDeploymentPostprocessing = 0;
			shellPath = /bin/sh;
			shellScript = "\"${SRCROOT}/Pods/Target Support Files/Pods-Syncing Tests/Pods-Syncing Tests-resources.sh\"\n";
			showEnvVarsInLog = 0;
		};
		4D2C9D73674FB35D8CFA15C1 /* Copy Pods Resources */ = {
			isa = PBXShellScriptBuildPhase;
			buildActionMask = 2147483647;
			files = (
			);
			inputPaths = (
			);
			name = "Copy Pods Resources";
			outputPaths = (
			);
			runOnlyForDeploymentPostprocessing = 0;
			shellPath = /bin/sh;
			shellScript = "\"${SRCROOT}/Pods/Target Support Files/Pods-Syncing/Pods-Syncing-resources.sh\"\n";
			showEnvVarsInLog = 0;
		};
		7B7A1FB51AB89A4F0089A9FC /* ShellScript */ = {
			isa = PBXShellScriptBuildPhase;
			buildActionMask = 2147483647;
			files = (
			);
			inputPaths = (
			);
			outputPaths = (
			);
			runOnlyForDeploymentPostprocessing = 0;
			shellPath = /bin/sh;
			shellScript = "set -e\n\nmkdir -p \"${BUILT_PRODUCTS_DIR}/${PRODUCT_NAME}.framework/Versions/A/Headers\"\n\n# Link the \"Current\" version to \"A\"\n/bin/ln -sfh A \"${BUILT_PRODUCTS_DIR}/${PRODUCT_NAME}.framework/Versions/Current\"\n/bin/ln -sfh Versions/Current/Headers \"${BUILT_PRODUCTS_DIR}/${PRODUCT_NAME}.framework/Headers\"\n/bin/ln -sfh \"Versions/Current/${PRODUCT_NAME}\" \"${BUILT_PRODUCTS_DIR}/${PRODUCT_NAME}.framework/${PRODUCT_NAME}\"\n\n#file:///Users/rodrigosuhr/Dev/ios-syncing/Syncing/SyncConfig.h The -a ensures that the headers maintain the source modification date so that we don't constantly\n# cause propagating rebuilds of files that import these headers.\n/bin/cp -a \"${TARGET_BUILD_DIR}/${PUBLIC_HEADERS_FOLDER_PATH}/\" \"${BUILT_PRODUCTS_DIR}/${PRODUCT_NAME}.framework/Versions/A/Headers\"";
		};
		7B7A1FBC1AB89C8E0089A9FC /* ShellScript */ = {
			isa = PBXShellScriptBuildPhase;
			buildActionMask = 2147483647;
			files = (
			);
			inputPaths = (
			);
			outputPaths = (
			);
			runOnlyForDeploymentPostprocessing = 0;
			shellPath = /bin/sh;
			shellScript = "set -e\nset +u\n# Avoid recursively calling this script.\nif [[ $SF_MASTER_SCRIPT_RUNNING ]]\nthen\nexit 0\nfi\nset -u\nexport SF_MASTER_SCRIPT_RUNNING=1\n\nSF_TARGET_NAME=${PROJECT_NAME}\nSF_EXECUTABLE_PATH=\"lib${SF_TARGET_NAME}.a\"\nSF_WRAPPER_NAME=\"${SF_TARGET_NAME}.framework\"\n\n# The following conditionals come from\n# https://github.com/kstenerud/iOS-Universal-Framework\n\nif [[ \"$SDK_NAME\" =~ ([A-Za-z]+) ]]\nthen\nSF_SDK_PLATFORM=${BASH_REMATCH[1]}\nelse\necho \"Could not find platform name from SDK_NAME: $SDK_NAME\"\nexit 1\nfi\n\nif [[ \"$SDK_NAME\" =~ ([0-9]+.*$) ]]\nthen\nSF_SDK_VERSION=${BASH_REMATCH[1]}\nelse\necho \"Could not find sdk version from SDK_NAME: $SDK_NAME\"\nexit 1\nfi\n\nif [[ \"$SF_SDK_PLATFORM\" = \"iphoneos\" ]]\nthen\nSF_OTHER_PLATFORM=iphonesimulator\nelse\nSF_OTHER_PLATFORM=iphoneos\nfi\n\nif [[ \"$BUILT_PRODUCTS_DIR\" =~ (.*)$SF_SDK_PLATFORM$ ]]\nthen\nSF_OTHER_BUILT_PRODUCTS_DIR=\"${BASH_REMATCH[1]}${SF_OTHER_PLATFORM}\"\nelse\necho \"Could not find platform name from build products directory: $BUILT_PRODUCTS_DIR\"\nexit 1\nfi\n\n# Build the other platform.\nxcrun xcodebuild ONLY_ACTIVE_ARCH=NO -workspace \"${PROJECT_DIR}/${PROJECT_NAME}.xcworkspace\" -scheme \"${TARGET_NAME}\" -configuration \"${CONFIGURATION}\" -sdk ${SF_OTHER_PLATFORM}${SF_SDK_VERSION} BUILD_DIR=\"${BUILD_DIR}\" OBJROOT=\"${OBJROOT}\" BUILD_ROOT=\"${BUILD_ROOT}\" SYMROOT=\"${SYMROOT}\" $ACTION\n\n# Smash the two static libraries into one fat binary and store it in the .framework\nxcrun lipo -create \"${BUILT_PRODUCTS_DIR}/${SF_EXECUTABLE_PATH}\" \"${SF_OTHER_BUILT_PRODUCTS_DIR}/${SF_EXECUTABLE_PATH}\" -output \"${BUILT_PRODUCTS_DIR}/${SF_WRAPPER_NAME}/Versions/A/${SF_TARGET_NAME}\"\n\n# Copy the binary to the other architecture folder to have a complete framework in both.\ncp -a \"${BUILT_PRODUCTS_DIR}/${SF_WRAPPER_NAME}/Versions/A/${SF_TARGET_NAME}\" \"${SF_OTHER_BUILT_PRODUCTS_DIR}/${SF_WRAPPER_NAME}/Versions/A/${SF_TARGET_NAME}\"";
		};
		97B56F5AD8175E48562AE511 /* Check Pods Manifest.lock */ = {
			isa = PBXShellScriptBuildPhase;
			buildActionMask = 2147483647;
			files = (
			);
			inputPaths = (
			);
			name = "Check Pods Manifest.lock";
			outputPaths = (
			);
			runOnlyForDeploymentPostprocessing = 0;
			shellPath = /bin/sh;
			shellScript = "";
			showEnvVarsInLog = 0;
		};
/* End PBXShellScriptBuildPhase section */

/* Begin PBXSourcesBuildPhase section */
		7BADD1191A8BD82B0005FC5E /* Sources */ = {
			isa = PBXSourcesBuildPhase;
			buildActionMask = 2147483647;
			files = (
				7BD43C4F1AB1C65C00C58368 /* AbstractLoginActivity.m in Sources */,
				7BCFBE2E1B3705A000AC1553 /* SyncEvent.m in Sources */,
				7BE488481B4F0A2B00985165 /* SyncEntity.m in Sources */,
				7BD43C521AB20E8200C58368 /* ServerAuthenticate.m in Sources */,
				7B3D13931AA0E68B0022525A /* CustomException.m in Sources */,
				7BD7E7421B15F07D00FC984C /* SecurityUtil.m in Sources */,
				7BE4662C1B4C6A6E00B63C6A /* SerializationUtil.m in Sources */,
				7BCCF7531AF826C6007F6B09 /* SyncingInjection.m in Sources */,
				7B5F220C1A8D3AC50031E2F2 /* ServerComm.m in Sources */,
				7BADD13C1A8BDABF0005FC5E /* ThreadChecker.m in Sources */,
				7BDA73E31B543419003B00BA /* SyncModelSerializer.m in Sources */,
				7BBE8F621AFA3C8500155AC4 /* ReadOnlyAbstractSyncManager.m in Sources */,
				7BE488431B4ED81900985165 /* Annotations.m in Sources */,
				7B3DDCA71A9DFB9900966A5B /* CustomTransactionManager.m in Sources */,
				7BE4661C1B4C059400B63C6A /* FieldSerializer.m in Sources */,
				7BB59EC51AA0ACD700783657 /* DatabaseProvider.m in Sources */,
				7BB63C781A9F977C00C0124C /* AsyncBus.m in Sources */,
				7BE466171B4C052E00B63C6A /* JSONSerializer.m in Sources */,
				7B27BFBC1A9A7F1000C7548E /* SyncConfig.m in Sources */,
				7BE466201B4C198800B63C6A /* DateSerializer.m in Sources */,
				7BAEDBBC1A97B69E0078AEA9 /* DataSyncHelper.m in Sources */,
				7BE466281B4C568200B63C6A /* AbstractSyncManager.m in Sources */,
			);
			runOnlyForDeploymentPostprocessing = 0;
		};
		7BF770A31AA4A4C2007BCAD6 /* Sources */ = {
			isa = PBXSourcesBuildPhase;
			buildActionMask = 2147483647;
			files = (
				7BAF980B1B1CA4BD00FDE4AA /* SecuryUtilTests.m in Sources */,
				7B82A2C31AB3741900636503 /* ServerAuthenticateTests.m in Sources */,
				7B1321CA1AAF7CE200EAB1AF /* DataSyncHelperPartialTests.m in Sources */,
				7B2E8A4B1AADD7180069DF31 /* DataSyncHelperTests.m in Sources */,
				7B63D8C51AA8CF0C005D781A /* SyncConfigTests.m in Sources */,
				7B1F594C1AA7B1DD00EDCC38 /* TestSyncManager.m in Sources */,
				7B63D8C71AA8CF78005D781A /* ServerCommTests.m in Sources */,
				7BF770AC1AA4A4C2007BCAD6 /* Syncing_Tests.m in Sources */,
			);
			runOnlyForDeploymentPostprocessing = 0;
		};
/* End PBXSourcesBuildPhase section */

/* Begin PBXTargetDependency section */
		7B7A1FBB1AB89C7E0089A9FC /* PBXTargetDependency */ = {
			isa = PBXTargetDependency;
			target = 7BADD11C1A8BD82B0005FC5E /* Syncing */;
			targetProxy = 7B7A1FBA1AB89C7E0089A9FC /* PBXContainerItemProxy */;
		};
		7BF770AF1AA4A4C2007BCAD6 /* PBXTargetDependency */ = {
			isa = PBXTargetDependency;
			target = 7BADD11C1A8BD82B0005FC5E /* Syncing */;
			targetProxy = 7BF770AE1AA4A4C2007BCAD6 /* PBXContainerItemProxy */;
		};
/* End PBXTargetDependency section */

/* Begin XCBuildConfiguration section */
		7B7A1FB81AB89C6A0089A9FC /* Debug */ = {
			isa = XCBuildConfiguration;
			buildSettings = {
				PRODUCT_NAME = "$(TARGET_NAME)";
			};
			name = Debug;
		};
		7B7A1FB91AB89C6A0089A9FC /* Release */ = {
			isa = XCBuildConfiguration;
			buildSettings = {
				PRODUCT_NAME = "$(TARGET_NAME)";
			};
			name = Release;
		};
		7BADD12F1A8BD82B0005FC5E /* Debug */ = {
			isa = XCBuildConfiguration;
			buildSettings = {
				ALWAYS_SEARCH_USER_PATHS = YES;
				CLANG_CXX_LANGUAGE_STANDARD = "gnu++0x";
				CLANG_CXX_LIBRARY = "libc++";
				CLANG_ENABLE_MODULES = YES;
				CLANG_ENABLE_OBJC_ARC = YES;
				CLANG_WARN_BOOL_CONVERSION = YES;
				CLANG_WARN_CONSTANT_CONVERSION = YES;
				CLANG_WARN_DIRECT_OBJC_ISA_USAGE = YES_ERROR;
				CLANG_WARN_EMPTY_BODY = YES;
				CLANG_WARN_ENUM_CONVERSION = YES;
				CLANG_WARN_INT_CONVERSION = YES;
				CLANG_WARN_OBJC_ROOT_CLASS = YES_ERROR;
				CLANG_WARN_UNREACHABLE_CODE = YES;
				CLANG_WARN__DUPLICATE_METHOD_MATCH = YES;
				COPY_PHASE_STRIP = NO;
				DEAD_CODE_STRIPPING = NO;
				ENABLE_STRICT_OBJC_MSGSEND = YES;
				GCC_C_LANGUAGE_STANDARD = gnu99;
				GCC_DYNAMIC_NO_PIC = NO;
				GCC_OPTIMIZATION_LEVEL = 0;
				GCC_PREPROCESSOR_DEFINITIONS = (
					"DEBUG=1",
					"$(inherited)",
				);
				GCC_SYMBOLS_PRIVATE_EXTERN = NO;
				GCC_WARN_64_TO_32_BIT_CONVERSION = YES;
				GCC_WARN_ABOUT_RETURN_TYPE = YES_ERROR;
				GCC_WARN_UNDECLARED_SELECTOR = YES;
				GCC_WARN_UNINITIALIZED_AUTOS = YES_AGGRESSIVE;
				GCC_WARN_UNUSED_FUNCTION = YES;
				GCC_WARN_UNUSED_VARIABLE = YES;
				IPHONEOS_DEPLOYMENT_TARGET = 8.1;
				MTL_ENABLE_DEBUG_INFO = YES;
				ONLY_ACTIVE_ARCH = NO;
				PUBLIC_HEADERS_FOLDER_PATH = "$(PROJECT_NAME)/Headers";
				SDKROOT = iphoneos;
				STRIP_STYLE = "non-global";
			};
			name = Debug;
		};
		7BADD1301A8BD82B0005FC5E /* Release */ = {
			isa = XCBuildConfiguration;
			buildSettings = {
				ALWAYS_SEARCH_USER_PATHS = YES;
				CLANG_CXX_LANGUAGE_STANDARD = "gnu++0x";
				CLANG_CXX_LIBRARY = "libc++";
				CLANG_ENABLE_MODULES = YES;
				CLANG_ENABLE_OBJC_ARC = YES;
				CLANG_WARN_BOOL_CONVERSION = YES;
				CLANG_WARN_CONSTANT_CONVERSION = YES;
				CLANG_WARN_DIRECT_OBJC_ISA_USAGE = YES_ERROR;
				CLANG_WARN_EMPTY_BODY = YES;
				CLANG_WARN_ENUM_CONVERSION = YES;
				CLANG_WARN_INT_CONVERSION = YES;
				CLANG_WARN_OBJC_ROOT_CLASS = YES_ERROR;
				CLANG_WARN_UNREACHABLE_CODE = YES;
				CLANG_WARN__DUPLICATE_METHOD_MATCH = YES;
				COPY_PHASE_STRIP = NO;
				DEAD_CODE_STRIPPING = NO;
				ENABLE_NS_ASSERTIONS = NO;
				ENABLE_STRICT_OBJC_MSGSEND = YES;
				GCC_C_LANGUAGE_STANDARD = gnu99;
				GCC_WARN_64_TO_32_BIT_CONVERSION = YES;
				GCC_WARN_ABOUT_RETURN_TYPE = YES_ERROR;
				GCC_WARN_UNDECLARED_SELECTOR = YES;
				GCC_WARN_UNINITIALIZED_AUTOS = YES_AGGRESSIVE;
				GCC_WARN_UNUSED_FUNCTION = YES;
				GCC_WARN_UNUSED_VARIABLE = YES;
				IPHONEOS_DEPLOYMENT_TARGET = 8.1;
				MTL_ENABLE_DEBUG_INFO = NO;
				ONLY_ACTIVE_ARCH = NO;
				PUBLIC_HEADERS_FOLDER_PATH = "$(PROJECT_NAME)/Headers";
				SDKROOT = iphoneos;
				STRIP_STYLE = "non-global";
				VALIDATE_PRODUCT = YES;
			};
			name = Release;
		};
		7BADD1321A8BD82B0005FC5E /* Debug */ = {
			isa = XCBuildConfiguration;
			baseConfigurationReference = 0803E7C53E6B999342251010 /* Pods-Syncing.debug.xcconfig */;
			buildSettings = {
				LIBRARY_SEARCH_PATHS = (
					"$(inherited)",
					"$(PROJECT_DIR)/build/Debug-iphoneos",
				);
				ONLY_ACTIVE_ARCH = YES;
				OTHER_LDFLAGS = "-ObjC";
				PRODUCT_NAME = "$(TARGET_NAME)";
				SKIP_INSTALL = YES;
				VALID_ARCHS = "armv7 armv7s arm64";
			};
			name = Debug;
		};
		7BADD1331A8BD82B0005FC5E /* Release */ = {
			isa = XCBuildConfiguration;
			baseConfigurationReference = 9CC448A017E8E74B93780CA1 /* Pods-Syncing.release.xcconfig */;
			buildSettings = {
				LIBRARY_SEARCH_PATHS = (
					"$(inherited)",
					"$(PROJECT_DIR)/build/Debug-iphoneos",
				);
				ONLY_ACTIVE_ARCH = YES;
				OTHER_LDFLAGS = "-ObjC";
				PRODUCT_NAME = "$(TARGET_NAME)";
				SKIP_INSTALL = YES;
				VALID_ARCHS = "armv7 armv7s arm64";
			};
			name = Release;
		};
		7BF770B01AA4A4C2007BCAD6 /* Debug */ = {
			isa = XCBuildConfiguration;
			baseConfigurationReference = B959F1E5B85C392AC8A201F4 /* Pods-Syncing Tests.debug.xcconfig */;
			buildSettings = {
				FRAMEWORK_SEARCH_PATHS = "";
				"FRAMEWORK_SEARCH_PATHS[arch=*]" = (
					"$(SDKROOT)/Developer/Library/Frameworks",
					"$(inherited)",
				);
				GCC_PREPROCESSOR_DEFINITIONS = (
					"DEBUG=1",
					"$(inherited)",
				);
				"HEADER_SEARCH_PATHS[arch=*]" = "";
				INFOPLIST_FILE = "Syncing Tests/Info.plist";
				LD_RUNPATH_SEARCH_PATHS = "$(inherited) @executable_path/Frameworks @loader_path/Frameworks";
				LIBRARY_SEARCH_PATHS = (
					"$(inherited)",
					"$(PROJECT_DIR)/Pods/build/Debug-iphoneos",
				);
				"LIBRARY_SEARCH_PATHS[arch=*]" = (
					"$(inherited)",
					"$(PROJECT_DIR)/Pods/build/Debug-iphoneos",
				);
				ONLY_ACTIVE_ARCH = YES;
				OTHER_LDFLAGS = "-ObjC";
				PRODUCT_NAME = "$(TARGET_NAME)";
			};
			name = Debug;
		};
		7BF770B11AA4A4C2007BCAD6 /* Release */ = {
			isa = XCBuildConfiguration;
			baseConfigurationReference = 161FA42493D632D90DCC02EC /* Pods-Syncing Tests.release.xcconfig */;
			buildSettings = {
				FRAMEWORK_SEARCH_PATHS = "";
				"FRAMEWORK_SEARCH_PATHS[arch=*]" = (
					"$(SDKROOT)/Developer/Library/Frameworks",
					"$(inherited)",
				);
				"HEADER_SEARCH_PATHS[arch=*]" = "";
				INFOPLIST_FILE = "Syncing Tests/Info.plist";
				LD_RUNPATH_SEARCH_PATHS = "$(inherited) @executable_path/Frameworks @loader_path/Frameworks";
				LIBRARY_SEARCH_PATHS = (
					"$(inherited)",
					"$(PROJECT_DIR)/Pods/build/Debug-iphoneos",
				);
				ONLY_ACTIVE_ARCH = YES;
				OTHER_LDFLAGS = "-ObjC";
				PRODUCT_NAME = "$(TARGET_NAME)";
			};
			name = Release;
		};
/* End XCBuildConfiguration section */

/* Begin XCConfigurationList section */
		7B7A1FB71AB89C6A0089A9FC /* Build configuration list for PBXAggregateTarget "Framework" */ = {
			isa = XCConfigurationList;
			buildConfigurations = (
				7B7A1FB81AB89C6A0089A9FC /* Debug */,
				7B7A1FB91AB89C6A0089A9FC /* Release */,
			);
			defaultConfigurationIsVisible = 0;
			defaultConfigurationName = Release;
		};
		7BADD1181A8BD82B0005FC5E /* Build configuration list for PBXProject "Syncing" */ = {
			isa = XCConfigurationList;
			buildConfigurations = (
				7BADD12F1A8BD82B0005FC5E /* Debug */,
				7BADD1301A8BD82B0005FC5E /* Release */,
			);
			defaultConfigurationIsVisible = 0;
			defaultConfigurationName = Release;
		};
		7BADD1311A8BD82B0005FC5E /* Build configuration list for PBXNativeTarget "Syncing" */ = {
			isa = XCConfigurationList;
			buildConfigurations = (
				7BADD1321A8BD82B0005FC5E /* Debug */,
				7BADD1331A8BD82B0005FC5E /* Release */,
			);
			defaultConfigurationIsVisible = 0;
			defaultConfigurationName = Release;
		};
		7BF770B21AA4A4C2007BCAD6 /* Build configuration list for PBXNativeTarget "Syncing Tests" */ = {
			isa = XCConfigurationList;
			buildConfigurations = (
				7BF770B01AA4A4C2007BCAD6 /* Debug */,
				7BF770B11AA4A4C2007BCAD6 /* Release */,
			);
			defaultConfigurationIsVisible = 0;
			defaultConfigurationName = Release;
		};
/* End XCConfigurationList section */
	};
	rootObject = 7BADD1151A8BD82B0005FC5E /* Project object */;
}
