// !$*UTF8*$!
{
	archiveVersion = 1;
	classes = {
	};
	objectVersion = 46;
	objects = {

/* Begin PBXBuildFile section */
		65BB033D7F3187A7F0B8E668 /* libPods-Syncing Tests.a in Frameworks */ = {isa = PBXBuildFile; fileRef = 36A7816E688B3C797004B85B /* libPods-Syncing Tests.a */; };
		7B1F59491AA74DC900EDCC38 /* syncing-config.json in Resources */ = {isa = PBXBuildFile; fileRef = 7B1F59481AA74DC900EDCC38 /* syncing-config.json */; };
		7B1F594C1AA7B1DD00EDCC38 /* TestSyncManager.m in Sources */ = {isa = PBXBuildFile; fileRef = 7B1F594B1AA7B1DD00EDCC38 /* TestSyncManager.m */; };
		7B27BFBC1A9A7F1000C7548E /* SyncConfig.m in Sources */ = {isa = PBXBuildFile; fileRef = 7B27BFBB1A9A7F1000C7548E /* SyncConfig.m */; };
		7B2E8A4B1AADD7180069DF31 /* DataSyncHelperTests.m in Sources */ = {isa = PBXBuildFile; fileRef = 7B2E8A4A1AADD7180069DF31 /* DataSyncHelperTests.m */; };
		7B2E8A4D1AADDF320069DF31 /* modified-data-registros.json in Resources */ = {isa = PBXBuildFile; fileRef = 7B2E8A4C1AADDF320069DF31 /* modified-data-registros.json */; };
		7B3D13931AA0E68B0022525A /* CustomException.m in Sources */ = {isa = PBXBuildFile; fileRef = 7B3D13921AA0E68B0022525A /* CustomException.m */; };
		7B3DDCA71A9DFB9900966A5B /* CustomTransactionManager.m in Sources */ = {isa = PBXBuildFile; fileRef = 7B3DDCA61A9DFB9900966A5B /* CustomTransactionManager.m */; };
		7B5F220C1A8D3AC50031E2F2 /* ServerComm.m in Sources */ = {isa = PBXBuildFile; fileRef = 7B5F220B1A8D3AC50031E2F2 /* ServerComm.m */; };
		7B63D8C51AA8CF0C005D781A /* SyncConfigTests.m in Sources */ = {isa = PBXBuildFile; fileRef = 7B63D8C41AA8CF0C005D781A /* SyncConfigTests.m */; };
		7B63D8C71AA8CF78005D781A /* ServerCommTests.m in Sources */ = {isa = PBXBuildFile; fileRef = 7B63D8C61AA8CF78005D781A /* ServerCommTests.m */; };
		7B6CD0D91AAF6356009B7ACA /* get-data-for-model-request.json in Resources */ = {isa = PBXBuildFile; fileRef = 7B6CD0D81AAF6356009B7ACA /* get-data-for-model-request.json */; };
		7BADD1211A8BD82B0005FC5E /* Syncing.h in CopyFiles */ = {isa = PBXBuildFile; fileRef = 7BADD1201A8BD82B0005FC5E /* Syncing.h */; };
		7BADD13C1A8BDABF0005FC5E /* ThreadChecker.m in Sources */ = {isa = PBXBuildFile; fileRef = 7BADD13B1A8BDABF0005FC5E /* ThreadChecker.m */; };
		7BAEDBBC1A97B69E0078AEA9 /* DataSyncHelper.m in Sources */ = {isa = PBXBuildFile; fileRef = 7BAEDBBB1A97B69E0078AEA9 /* DataSyncHelper.m */; };
		7BB59D181AAF6D270088A7BA /* send-data-request.json in Resources */ = {isa = PBXBuildFile; fileRef = 7BB59D171AAF6D270088A7BA /* send-data-request.json */; };
		7BB59EC51AA0ACD700783657 /* DatabaseProvider.m in Sources */ = {isa = PBXBuildFile; fileRef = 7BB59EC41AA0ACD700783657 /* DatabaseProvider.m */; };
		7BB63C781A9F977C00C0124C /* AsyncBus.m in Sources */ = {isa = PBXBuildFile; fileRef = 7BB63C771A9F977C00C0124C /* AsyncBus.m */; };
		7BB7A1401AADED3E00E0330F /* modified-data-empresas.json in Resources */ = {isa = PBXBuildFile; fileRef = 7BB7A13F1AADED3E00E0330F /* modified-data-empresas.json */; };
		7BB7A1421AAE12B700E0330F /* get-data-response.json in Resources */ = {isa = PBXBuildFile; fileRef = 7BB7A1411AAE12B700E0330F /* get-data-response.json */; };
		7BB7A1441AAE12C900E0330F /* send-data-response.json in Resources */ = {isa = PBXBuildFile; fileRef = 7BB7A1431AAE12C900E0330F /* send-data-response.json */; };
		7BB7A1461AAE12DE00E0330F /* get-data-for-model-response.json in Resources */ = {isa = PBXBuildFile; fileRef = 7BB7A1451AAE12DE00E0330F /* get-data-for-model-response.json */; };
		7BC4B2CF1AAA3620000F30AE /* libPods-Syncing Tests-OHHTTPStubs.a in Frameworks */ = {isa = PBXBuildFile; fileRef = 7BC4B2CE1AAA3620000F30AE /* libPods-Syncing Tests-OHHTTPStubs.a */; };
		7BC4B2D11AAA3643000F30AE /* libPods-Syncing Tests-OCMock.a in Frameworks */ = {isa = PBXBuildFile; fileRef = 7BC4B2D01AAA3643000F30AE /* libPods-Syncing Tests-OCMock.a */; };
		7BD4BADB1AAE19EE00194BFB /* get-data-request.json in Resources */ = {isa = PBXBuildFile; fileRef = 7BD4BADA1AAE19EE00194BFB /* get-data-request.json */; };
		7BD4BADE1AAE3F0600194BFB /* libPods-Syncing Tests-OCHamcrest.a in Frameworks */ = {isa = PBXBuildFile; fileRef = 7BD4BADC1AAE3F0600194BFB /* libPods-Syncing Tests-OCHamcrest.a */; };
		7BD4BADF1AAE3F0600194BFB /* libPods-Syncing Tests-OCMockito.a in Frameworks */ = {isa = PBXBuildFile; fileRef = 7BD4BADD1AAE3F0600194BFB /* libPods-Syncing Tests-OCMockito.a */; };
		7BE19A271AA0B92600E169EF /* SharedModelContext.m in Sources */ = {isa = PBXBuildFile; fileRef = 7BE19A261AA0B92600E169EF /* SharedModelContext.m */; };
		7BF770AC1AA4A4C2007BCAD6 /* Syncing_Tests.m in Sources */ = {isa = PBXBuildFile; fileRef = 7BF770AB1AA4A4C2007BCAD6 /* Syncing_Tests.m */; };
		7BF770AD1AA4A4C2007BCAD6 /* libSyncing.a in Frameworks */ = {isa = PBXBuildFile; fileRef = 7BADD11D1A8BD82B0005FC5E /* libSyncing.a */; };
/* End PBXBuildFile section */

/* Begin PBXContainerItemProxy section */
		7BF770AE1AA4A4C2007BCAD6 /* PBXContainerItemProxy */ = {
			isa = PBXContainerItemProxy;
			containerPortal = 7BADD1151A8BD82B0005FC5E /* Project object */;
			proxyType = 1;
			remoteGlobalIDString = 7BADD11C1A8BD82B0005FC5E;
			remoteInfo = Syncing;
		};
/* End PBXContainerItemProxy section */

/* Begin PBXCopyFilesBuildPhase section */
		7BADD11B1A8BD82B0005FC5E /* CopyFiles */ = {
			isa = PBXCopyFilesBuildPhase;
			buildActionMask = 2147483647;
			dstPath = "include/$(PRODUCT_NAME)";
			dstSubfolderSpec = 16;
			files = (
				7BADD1211A8BD82B0005FC5E /* Syncing.h in CopyFiles */,
			);
			runOnlyForDeploymentPostprocessing = 0;
		};
/* End PBXCopyFilesBuildPhase section */

/* Begin PBXFileReference section */
		161FA42493D632D90DCC02EC /* Pods-Syncing Tests.release.xcconfig */ = {isa = PBXFileReference; includeInIndex = 1; lastKnownFileType = text.xcconfig; name = "Pods-Syncing Tests.release.xcconfig"; path = "Pods/Target Support Files/Pods-Syncing Tests/Pods-Syncing Tests.release.xcconfig"; sourceTree = "<group>"; };
		36A7816E688B3C797004B85B /* libPods-Syncing Tests.a */ = {isa = PBXFileReference; explicitFileType = archive.ar; includeInIndex = 0; path = "libPods-Syncing Tests.a"; sourceTree = BUILT_PRODUCTS_DIR; };
		7B1F59481AA74DC900EDCC38 /* syncing-config.json */ = {isa = PBXFileReference; fileEncoding = 4; lastKnownFileType = text.json; path = "syncing-config.json"; sourceTree = "<group>"; };
		7B1F594A1AA7B1DD00EDCC38 /* TestSyncManager.h */ = {isa = PBXFileReference; fileEncoding = 4; lastKnownFileType = sourcecode.c.h; path = TestSyncManager.h; sourceTree = "<group>"; };
		7B1F594B1AA7B1DD00EDCC38 /* TestSyncManager.m */ = {isa = PBXFileReference; fileEncoding = 4; lastKnownFileType = sourcecode.c.objc; path = TestSyncManager.m; sourceTree = "<group>"; };
		7B27BFBA1A9A7F1000C7548E /* SyncConfig.h */ = {isa = PBXFileReference; fileEncoding = 4; lastKnownFileType = sourcecode.c.h; path = SyncConfig.h; sourceTree = "<group>"; };
		7B27BFBB1A9A7F1000C7548E /* SyncConfig.m */ = {isa = PBXFileReference; fileEncoding = 4; lastKnownFileType = sourcecode.c.objc; path = SyncConfig.m; sourceTree = "<group>"; };
		7B2E8A4A1AADD7180069DF31 /* DataSyncHelperTests.m */ = {isa = PBXFileReference; fileEncoding = 4; lastKnownFileType = sourcecode.c.objc; path = DataSyncHelperTests.m; sourceTree = "<group>"; };
		7B2E8A4C1AADDF320069DF31 /* modified-data-registros.json */ = {isa = PBXFileReference; fileEncoding = 4; lastKnownFileType = text.json; path = "modified-data-registros.json"; sourceTree = "<group>"; };
		7B3D13911AA0E68B0022525A /* CustomException.h */ = {isa = PBXFileReference; fileEncoding = 4; lastKnownFileType = sourcecode.c.h; path = CustomException.h; sourceTree = "<group>"; };
		7B3D13921AA0E68B0022525A /* CustomException.m */ = {isa = PBXFileReference; fileEncoding = 4; lastKnownFileType = sourcecode.c.objc; path = CustomException.m; sourceTree = "<group>"; };
		7B3DDCA51A9DFB9900966A5B /* CustomTransactionManager.h */ = {isa = PBXFileReference; fileEncoding = 4; lastKnownFileType = sourcecode.c.h; path = CustomTransactionManager.h; sourceTree = "<group>"; };
		7B3DDCA61A9DFB9900966A5B /* CustomTransactionManager.m */ = {isa = PBXFileReference; fileEncoding = 4; lastKnownFileType = sourcecode.c.objc; path = CustomTransactionManager.m; sourceTree = "<group>"; };
		7B5F22081A8D2FC80031E2F2 /* SyncManager.h */ = {isa = PBXFileReference; fileEncoding = 4; lastKnownFileType = sourcecode.c.h; path = SyncManager.h; sourceTree = "<group>"; };
		7B5F22091A8D35880031E2F2 /* SyncEvent.h */ = {isa = PBXFileReference; fileEncoding = 4; lastKnownFileType = sourcecode.c.h; path = SyncEvent.h; sourceTree = "<group>"; };
		7B5F220A1A8D3AC50031E2F2 /* ServerComm.h */ = {isa = PBXFileReference; fileEncoding = 4; lastKnownFileType = sourcecode.c.h; path = ServerComm.h; sourceTree = "<group>"; };
		7B5F220B1A8D3AC50031E2F2 /* ServerComm.m */ = {isa = PBXFileReference; fileEncoding = 4; lastKnownFileType = sourcecode.c.objc; path = ServerComm.m; sourceTree = "<group>"; };
		7B63D8C41AA8CF0C005D781A /* SyncConfigTests.m */ = {isa = PBXFileReference; fileEncoding = 4; lastKnownFileType = sourcecode.c.objc; path = SyncConfigTests.m; sourceTree = "<group>"; };
		7B63D8C61AA8CF78005D781A /* ServerCommTests.m */ = {isa = PBXFileReference; fileEncoding = 4; lastKnownFileType = sourcecode.c.objc; path = ServerCommTests.m; sourceTree = "<group>"; };
		7B6CD0D81AAF6356009B7ACA /* get-data-for-model-request.json */ = {isa = PBXFileReference; fileEncoding = 4; lastKnownFileType = text.json; path = "get-data-for-model-request.json"; sourceTree = "<group>"; };
		7BADD11D1A8BD82B0005FC5E /* libSyncing.a */ = {isa = PBXFileReference; explicitFileType = archive.ar; includeInIndex = 0; path = libSyncing.a; sourceTree = BUILT_PRODUCTS_DIR; };
		7BADD1201A8BD82B0005FC5E /* Syncing.h */ = {isa = PBXFileReference; lastKnownFileType = sourcecode.c.h; path = Syncing.h; sourceTree = "<group>"; };
		7BADD13A1A8BDABF0005FC5E /* ThreadChecker.h */ = {isa = PBXFileReference; fileEncoding = 4; lastKnownFileType = sourcecode.c.h; path = ThreadChecker.h; sourceTree = "<group>"; };
		7BADD13B1A8BDABF0005FC5E /* ThreadChecker.m */ = {isa = PBXFileReference; fileEncoding = 4; lastKnownFileType = sourcecode.c.objc; path = ThreadChecker.m; sourceTree = "<group>"; };
		7BAEDBBA1A97B69E0078AEA9 /* DataSyncHelper.h */ = {isa = PBXFileReference; fileEncoding = 4; lastKnownFileType = sourcecode.c.h; path = DataSyncHelper.h; sourceTree = "<group>"; };
		7BAEDBBB1A97B69E0078AEA9 /* DataSyncHelper.m */ = {isa = PBXFileReference; fileEncoding = 4; lastKnownFileType = sourcecode.c.objc; path = DataSyncHelper.m; sourceTree = "<group>"; };
		7BB59D171AAF6D270088A7BA /* send-data-request.json */ = {isa = PBXFileReference; fileEncoding = 4; lastKnownFileType = text.json; path = "send-data-request.json"; sourceTree = "<group>"; };
		7BB59EC31AA0ACD700783657 /* DatabaseProvider.h */ = {isa = PBXFileReference; fileEncoding = 4; lastKnownFileType = sourcecode.c.h; path = DatabaseProvider.h; sourceTree = "<group>"; };
		7BB59EC41AA0ACD700783657 /* DatabaseProvider.m */ = {isa = PBXFileReference; fileEncoding = 4; lastKnownFileType = sourcecode.c.objc; path = DatabaseProvider.m; sourceTree = "<group>"; };
		7BB63C761A9F977C00C0124C /* AsyncBus.h */ = {isa = PBXFileReference; fileEncoding = 4; lastKnownFileType = sourcecode.c.h; path = AsyncBus.h; sourceTree = "<group>"; };
		7BB63C771A9F977C00C0124C /* AsyncBus.m */ = {isa = PBXFileReference; fileEncoding = 4; lastKnownFileType = sourcecode.c.objc; path = AsyncBus.m; sourceTree = "<group>"; };
		7BB7A13F1AADED3E00E0330F /* modified-data-empresas.json */ = {isa = PBXFileReference; fileEncoding = 4; lastKnownFileType = text.json; path = "modified-data-empresas.json"; sourceTree = "<group>"; };
		7BB7A1411AAE12B700E0330F /* get-data-response.json */ = {isa = PBXFileReference; fileEncoding = 4; lastKnownFileType = text.json; path = "get-data-response.json"; sourceTree = "<group>"; };
		7BB7A1431AAE12C900E0330F /* send-data-response.json */ = {isa = PBXFileReference; fileEncoding = 4; lastKnownFileType = text.json; path = "send-data-response.json"; sourceTree = "<group>"; };
		7BB7A1451AAE12DE00E0330F /* get-data-for-model-response.json */ = {isa = PBXFileReference; fileEncoding = 4; lastKnownFileType = text.json; path = "get-data-for-model-response.json"; sourceTree = "<group>"; };
		7BC4B2CC1AAA3547000F30AE /* libPods-Syncing Tests-OHHTTPStubs.a */ = {isa = PBXFileReference; lastKnownFileType = archive.ar; name = "libPods-Syncing Tests-OHHTTPStubs.a"; path = "Pods/build/Debug-iphoneos/libPods-Syncing Tests-OHHTTPStubs.a"; sourceTree = "<group>"; };
		7BC4B2CE1AAA3620000F30AE /* libPods-Syncing Tests-OHHTTPStubs.a */ = {isa = PBXFileReference; lastKnownFileType = archive.ar; name = "libPods-Syncing Tests-OHHTTPStubs.a"; path = "Pods/build/Debug-iphoneos/libPods-Syncing Tests-OHHTTPStubs.a"; sourceTree = "<group>"; };
		7BC4B2D01AAA3643000F30AE /* libPods-Syncing Tests-OCMock.a */ = {isa = PBXFileReference; lastKnownFileType = archive.ar; name = "libPods-Syncing Tests-OCMock.a"; path = "Pods/build/Debug-iphoneos/libPods-Syncing Tests-OCMock.a"; sourceTree = "<group>"; };
		7BD4BADA1AAE19EE00194BFB /* get-data-request.json */ = {isa = PBXFileReference; fileEncoding = 4; lastKnownFileType = text.json; path = "get-data-request.json"; sourceTree = "<group>"; };
		7BD4BADC1AAE3F0600194BFB /* libPods-Syncing Tests-OCHamcrest.a */ = {isa = PBXFileReference; lastKnownFileType = archive.ar; name = "libPods-Syncing Tests-OCHamcrest.a"; path = "Pods/build/Debug-iphoneos/libPods-Syncing Tests-OCHamcrest.a"; sourceTree = "<group>"; };
		7BD4BADD1AAE3F0600194BFB /* libPods-Syncing Tests-OCMockito.a */ = {isa = PBXFileReference; lastKnownFileType = archive.ar; name = "libPods-Syncing Tests-OCMockito.a"; path = "Pods/build/Debug-iphoneos/libPods-Syncing Tests-OCMockito.a"; sourceTree = "<group>"; };
		7BE19A251AA0B92600E169EF /* SharedModelContext.h */ = {isa = PBXFileReference; fileEncoding = 4; lastKnownFileType = sourcecode.c.h; path = SharedModelContext.h; sourceTree = "<group>"; };
		7BE19A261AA0B92600E169EF /* SharedModelContext.m */ = {isa = PBXFileReference; fileEncoding = 4; lastKnownFileType = sourcecode.c.objc; path = SharedModelContext.m; sourceTree = "<group>"; };
		7BF770A71AA4A4C2007BCAD6 /* Syncing Tests.xctest */ = {isa = PBXFileReference; explicitFileType = wrapper.cfbundle; includeInIndex = 0; path = "Syncing Tests.xctest"; sourceTree = BUILT_PRODUCTS_DIR; };
		7BF770AA1AA4A4C2007BCAD6 /* Info.plist */ = {isa = PBXFileReference; lastKnownFileType = text.plist.xml; path = Info.plist; sourceTree = "<group>"; };
		7BF770AB1AA4A4C2007BCAD6 /* Syncing_Tests.m */ = {isa = PBXFileReference; lastKnownFileType = sourcecode.c.objc; path = Syncing_Tests.m; sourceTree = "<group>"; };
		B959F1E5B85C392AC8A201F4 /* Pods-Syncing Tests.debug.xcconfig */ = {isa = PBXFileReference; includeInIndex = 1; lastKnownFileType = text.xcconfig; name = "Pods-Syncing Tests.debug.xcconfig"; path = "Pods/Target Support Files/Pods-Syncing Tests/Pods-Syncing Tests.debug.xcconfig"; sourceTree = "<group>"; };
/* End PBXFileReference section */

/* Begin PBXFrameworksBuildPhase section */
		7BADD11A1A8BD82B0005FC5E /* Frameworks */ = {
			isa = PBXFrameworksBuildPhase;
			buildActionMask = 2147483647;
			files = (
			);
			runOnlyForDeploymentPostprocessing = 0;
		};
		7BF770A41AA4A4C2007BCAD6 /* Frameworks */ = {
			isa = PBXFrameworksBuildPhase;
			buildActionMask = 2147483647;
			files = (
				7BD4BADE1AAE3F0600194BFB /* libPods-Syncing Tests-OCHamcrest.a in Frameworks */,
				7BD4BADF1AAE3F0600194BFB /* libPods-Syncing Tests-OCMockito.a in Frameworks */,
				7BC4B2D11AAA3643000F30AE /* libPods-Syncing Tests-OCMock.a in Frameworks */,
				7BC4B2CF1AAA3620000F30AE /* libPods-Syncing Tests-OHHTTPStubs.a in Frameworks */,
				7BF770AD1AA4A4C2007BCAD6 /* libSyncing.a in Frameworks */,
				65BB033D7F3187A7F0B8E668 /* libPods-Syncing Tests.a in Frameworks */,
			);
			runOnlyForDeploymentPostprocessing = 0;
		};
/* End PBXFrameworksBuildPhase section */

/* Begin PBXGroup section */
		2124A9B9354B7A83E12C67D9 /* Pods */ = {
			isa = PBXGroup;
			children = (
				B959F1E5B85C392AC8A201F4 /* Pods-Syncing Tests.debug.xcconfig */,
				161FA42493D632D90DCC02EC /* Pods-Syncing Tests.release.xcconfig */,
			);
			name = Pods;
			sourceTree = "<group>";
		};
		3F6D19F3020C365660A18031 /* Frameworks */ = {
			isa = PBXGroup;
			children = (
				7BD4BADC1AAE3F0600194BFB /* libPods-Syncing Tests-OCHamcrest.a */,
				7BD4BADD1AAE3F0600194BFB /* libPods-Syncing Tests-OCMockito.a */,
				7BC4B2D01AAA3643000F30AE /* libPods-Syncing Tests-OCMock.a */,
				7BC4B2CE1AAA3620000F30AE /* libPods-Syncing Tests-OHHTTPStubs.a */,
				7BC4B2CC1AAA3547000F30AE /* libPods-Syncing Tests-OHHTTPStubs.a */,
				36A7816E688B3C797004B85B /* libPods-Syncing Tests.a */,
			);
			name = Frameworks;
			sourceTree = "<group>";
		};
		7BADD1141A8BD82B0005FC5E = {
			isa = PBXGroup;
			children = (
				7BADD11F1A8BD82B0005FC5E /* Syncing */,
				7BF770A81AA4A4C2007BCAD6 /* Syncing Tests */,
				7BADD11E1A8BD82B0005FC5E /* Products */,
				3F6D19F3020C365660A18031 /* Frameworks */,
				2124A9B9354B7A83E12C67D9 /* Pods */,
			);
			sourceTree = "<group>";
		};
		7BADD11E1A8BD82B0005FC5E /* Products */ = {
			isa = PBXGroup;
			children = (
				7BADD11D1A8BD82B0005FC5E /* libSyncing.a */,
				7BF770A71AA4A4C2007BCAD6 /* Syncing Tests.xctest */,
			);
			name = Products;
			sourceTree = "<group>";
		};
		7BADD11F1A8BD82B0005FC5E /* Syncing */ = {
			isa = PBXGroup;
			children = (
				7BADD1201A8BD82B0005FC5E /* Syncing.h */,
				7BADD13A1A8BDABF0005FC5E /* ThreadChecker.h */,
				7BADD13B1A8BDABF0005FC5E /* ThreadChecker.m */,
				7B5F22081A8D2FC80031E2F2 /* SyncManager.h */,
				7B5F22091A8D35880031E2F2 /* SyncEvent.h */,
				7B5F220A1A8D3AC50031E2F2 /* ServerComm.h */,
				7B5F220B1A8D3AC50031E2F2 /* ServerComm.m */,
				7BAEDBBA1A97B69E0078AEA9 /* DataSyncHelper.h */,
				7BAEDBBB1A97B69E0078AEA9 /* DataSyncHelper.m */,
				7B27BFBA1A9A7F1000C7548E /* SyncConfig.h */,
				7B27BFBB1A9A7F1000C7548E /* SyncConfig.m */,
				7B3DDCA51A9DFB9900966A5B /* CustomTransactionManager.h */,
				7B3DDCA61A9DFB9900966A5B /* CustomTransactionManager.m */,
				7BB63C761A9F977C00C0124C /* AsyncBus.h */,
				7BB63C771A9F977C00C0124C /* AsyncBus.m */,
				7BB59EC31AA0ACD700783657 /* DatabaseProvider.h */,
				7BB59EC41AA0ACD700783657 /* DatabaseProvider.m */,
				7BE19A251AA0B92600E169EF /* SharedModelContext.h */,
				7BE19A261AA0B92600E169EF /* SharedModelContext.m */,
				7B3D13911AA0E68B0022525A /* CustomException.h */,
				7B3D13921AA0E68B0022525A /* CustomException.m */,
			);
			path = Syncing;
			sourceTree = "<group>";
		};
		7BF770A81AA4A4C2007BCAD6 /* Syncing Tests */ = {
			isa = PBXGroup;
			children = (
				7B2E8A4A1AADD7180069DF31 /* DataSyncHelperTests.m */,
				7B63D8C61AA8CF78005D781A /* ServerCommTests.m */,
				7B63D8C41AA8CF0C005D781A /* SyncConfigTests.m */,
				7BF770AB1AA4A4C2007BCAD6 /* Syncing_Tests.m */,
				7BF770A91AA4A4C2007BCAD6 /* Supporting Files */,
				7B1F594A1AA7B1DD00EDCC38 /* TestSyncManager.h */,
				7B1F594B1AA7B1DD00EDCC38 /* TestSyncManager.m */,
			);
			path = "Syncing Tests";
			sourceTree = "<group>";
		};
		7BF770A91AA4A4C2007BCAD6 /* Supporting Files */ = {
			isa = PBXGroup;
			children = (
				7B1F59481AA74DC900EDCC38 /* syncing-config.json */,
				7BF770AA1AA4A4C2007BCAD6 /* Info.plist */,
				7B2E8A4C1AADDF320069DF31 /* modified-data-registros.json */,
				7BB7A13F1AADED3E00E0330F /* modified-data-empresas.json */,
				7BB7A1411AAE12B700E0330F /* get-data-response.json */,
				7BB7A1431AAE12C900E0330F /* send-data-response.json */,
				7BB7A1451AAE12DE00E0330F /* get-data-for-model-response.json */,
				7BD4BADA1AAE19EE00194BFB /* get-data-request.json */,
				7B6CD0D81AAF6356009B7ACA /* get-data-for-model-request.json */,
				7BB59D171AAF6D270088A7BA /* send-data-request.json */,
			);
			name = "Supporting Files";
			sourceTree = "<group>";
		};
/* End PBXGroup section */

/* Begin PBXNativeTarget section */
		7BADD11C1A8BD82B0005FC5E /* Syncing */ = {
			isa = PBXNativeTarget;
			buildConfigurationList = 7BADD1311A8BD82B0005FC5E /* Build configuration list for PBXNativeTarget "Syncing" */;
			buildPhases = (
				7BADD1191A8BD82B0005FC5E /* Sources */,
				7BADD11A1A8BD82B0005FC5E /* Frameworks */,
				7BADD11B1A8BD82B0005FC5E /* CopyFiles */,
			);
			buildRules = (
			);
			dependencies = (
			);
			name = Syncing;
			productName = Syncing;
			productReference = 7BADD11D1A8BD82B0005FC5E /* libSyncing.a */;
			productType = "com.apple.product-type.library.static";
		};
		7BF770A61AA4A4C2007BCAD6 /* Syncing Tests */ = {
			isa = PBXNativeTarget;
			buildConfigurationList = 7BF770B21AA4A4C2007BCAD6 /* Build configuration list for PBXNativeTarget "Syncing Tests" */;
			buildPhases = (
				97B56F5AD8175E48562AE511 /* Check Pods Manifest.lock */,
				7BF770A31AA4A4C2007BCAD6 /* Sources */,
				7BF770A41AA4A4C2007BCAD6 /* Frameworks */,
				7BF770A51AA4A4C2007BCAD6 /* Resources */,
				37E3067EC98B957C13511C78 /* Copy Pods Resources */,
			);
			buildRules = (
			);
			dependencies = (
				7BF770AF1AA4A4C2007BCAD6 /* PBXTargetDependency */,
			);
			name = "Syncing Tests";
			productName = "Syncing Tests";
			productReference = 7BF770A71AA4A4C2007BCAD6 /* Syncing Tests.xctest */;
			productType = "com.apple.product-type.bundle.unit-test";
		};
/* End PBXNativeTarget section */

/* Begin PBXProject section */
		7BADD1151A8BD82B0005FC5E /* Project object */ = {
			isa = PBXProject;
			attributes = {
				LastUpgradeCheck = 0610;
				ORGANIZATIONNAME = "Estúdio 89 Desenvolvimento de Software";
				TargetAttributes = {
					7BADD11C1A8BD82B0005FC5E = {
						CreatedOnToolsVersion = 6.1;
					};
					7BF770A61AA4A4C2007BCAD6 = {
						CreatedOnToolsVersion = 6.1;
					};
				};
			};
			buildConfigurationList = 7BADD1181A8BD82B0005FC5E /* Build configuration list for PBXProject "Syncing" */;
			compatibilityVersion = "Xcode 3.2";
			developmentRegion = English;
			hasScannedForEncodings = 0;
			knownRegions = (
				en,
			);
			mainGroup = 7BADD1141A8BD82B0005FC5E;
			productRefGroup = 7BADD11E1A8BD82B0005FC5E /* Products */;
			projectDirPath = "";
			projectRoot = "";
			targets = (
				7BADD11C1A8BD82B0005FC5E /* Syncing */,
				7BF770A61AA4A4C2007BCAD6 /* Syncing Tests */,
			);
		};
/* End PBXProject section */

/* Begin PBXResourcesBuildPhase section */
		7BF770A51AA4A4C2007BCAD6 /* Resources */ = {
			isa = PBXResourcesBuildPhase;
			buildActionMask = 2147483647;
			files = (
				7BB59D181AAF6D270088A7BA /* send-data-request.json in Resources */,
				7BB7A1461AAE12DE00E0330F /* get-data-for-model-response.json in Resources */,
				7B1F59491AA74DC900EDCC38 /* syncing-config.json in Resources */,
				7BB7A1421AAE12B700E0330F /* get-data-response.json in Resources */,
				7BB7A1441AAE12C900E0330F /* send-data-response.json in Resources */,
				7BD4BADB1AAE19EE00194BFB /* get-data-request.json in Resources */,
				7B2E8A4D1AADDF320069DF31 /* modified-data-registros.json in Resources */,
				7B6CD0D91AAF6356009B7ACA /* get-data-for-model-request.json in Resources */,
				7BB7A1401AADED3E00E0330F /* modified-data-empresas.json in Resources */,
			);
			runOnlyForDeploymentPostprocessing = 0;
		};
/* End PBXResourcesBuildPhase section */

/* Begin PBXShellScriptBuildPhase section */
		37E3067EC98B957C13511C78 /* Copy Pods Resources */ = {
			isa = PBXShellScriptBuildPhase;
			buildActionMask = 2147483647;
			files = (
			);
			inputPaths = (
			);
			name = "Copy Pods Resources";
			outputPaths = (
			);
			runOnlyForDeploymentPostprocessing = 0;
			shellPath = /bin/sh;
			shellScript = "\"${SRCROOT}/Pods/Target Support Files/Pods-Syncing Tests/Pods-Syncing Tests-resources.sh\"\n";
			showEnvVarsInLog = 0;
		};
		97B56F5AD8175E48562AE511 /* Check Pods Manifest.lock */ = {
			isa = PBXShellScriptBuildPhase;
			buildActionMask = 2147483647;
			files = (
			);
			inputPaths = (
			);
			name = "Check Pods Manifest.lock";
			outputPaths = (
			);
			runOnlyForDeploymentPostprocessing = 0;
			shellPath = /bin/sh;
			shellScript = "";
			showEnvVarsInLog = 0;
		};
/* End PBXShellScriptBuildPhase section */

/* Begin PBXSourcesBuildPhase section */
		7BADD1191A8BD82B0005FC5E /* Sources */ = {
			isa = PBXSourcesBuildPhase;
			buildActionMask = 2147483647;
			files = (
				7B3D13931AA0E68B0022525A /* CustomException.m in Sources */,
				7B5F220C1A8D3AC50031E2F2 /* ServerComm.m in Sources */,
				7BADD13C1A8BDABF0005FC5E /* ThreadChecker.m in Sources */,
				7B3DDCA71A9DFB9900966A5B /* CustomTransactionManager.m in Sources */,
				7BB59EC51AA0ACD700783657 /* DatabaseProvider.m in Sources */,
				7BE19A271AA0B92600E169EF /* SharedModelContext.m in Sources */,
				7BB63C781A9F977C00C0124C /* AsyncBus.m in Sources */,
				7B27BFBC1A9A7F1000C7548E /* SyncConfig.m in Sources */,
				7BAEDBBC1A97B69E0078AEA9 /* DataSyncHelper.m in Sources */,
			);
			runOnlyForDeploymentPostprocessing = 0;
		};
		7BF770A31AA4A4C2007BCAD6 /* Sources */ = {
			isa = PBXSourcesBuildPhase;
			buildActionMask = 2147483647;
			files = (
				7B2E8A4B1AADD7180069DF31 /* DataSyncHelperTests.m in Sources */,
				7B63D8C51AA8CF0C005D781A /* SyncConfigTests.m in Sources */,
				7B1F594C1AA7B1DD00EDCC38 /* TestSyncManager.m in Sources */,
				7B63D8C71AA8CF78005D781A /* ServerCommTests.m in Sources */,
				7BF770AC1AA4A4C2007BCAD6 /* Syncing_Tests.m in Sources */,
			);
			runOnlyForDeploymentPostprocessing = 0;
		};
/* End PBXSourcesBuildPhase section */

/* Begin PBXTargetDependency section */
		7BF770AF1AA4A4C2007BCAD6 /* PBXTargetDependency */ = {
			isa = PBXTargetDependency;
			target = 7BADD11C1A8BD82B0005FC5E /* Syncing */;
			targetProxy = 7BF770AE1AA4A4C2007BCAD6 /* PBXContainerItemProxy */;
		};
/* End PBXTargetDependency section */

/* Begin XCBuildConfiguration section */
		7BADD12F1A8BD82B0005FC5E /* Debug */ = {
			isa = XCBuildConfiguration;
			buildSettings = {
				ALWAYS_SEARCH_USER_PATHS = YES;
				CLANG_CXX_LANGUAGE_STANDARD = "gnu++0x";
				CLANG_CXX_LIBRARY = "libc++";
				CLANG_ENABLE_MODULES = YES;
				CLANG_ENABLE_OBJC_ARC = YES;
				CLANG_WARN_BOOL_CONVERSION = YES;
				CLANG_WARN_CONSTANT_CONVERSION = YES;
				CLANG_WARN_DIRECT_OBJC_ISA_USAGE = YES_ERROR;
				CLANG_WARN_EMPTY_BODY = YES;
				CLANG_WARN_ENUM_CONVERSION = YES;
				CLANG_WARN_INT_CONVERSION = YES;
				CLANG_WARN_OBJC_ROOT_CLASS = YES_ERROR;
				CLANG_WARN_UNREACHABLE_CODE = YES;
				CLANG_WARN__DUPLICATE_METHOD_MATCH = YES;
				COPY_PHASE_STRIP = NO;
				ENABLE_STRICT_OBJC_MSGSEND = YES;
				GCC_C_LANGUAGE_STANDARD = gnu99;
				GCC_DYNAMIC_NO_PIC = NO;
				GCC_OPTIMIZATION_LEVEL = 0;
				GCC_PREPROCESSOR_DEFINITIONS = (
					"DEBUG=1",
					"$(inherited)",
				);
				GCC_SYMBOLS_PRIVATE_EXTERN = NO;
				GCC_WARN_64_TO_32_BIT_CONVERSION = YES;
				GCC_WARN_ABOUT_RETURN_TYPE = YES_ERROR;
				GCC_WARN_UNDECLARED_SELECTOR = YES;
				GCC_WARN_UNINITIALIZED_AUTOS = YES_AGGRESSIVE;
				GCC_WARN_UNUSED_FUNCTION = YES;
				GCC_WARN_UNUSED_VARIABLE = YES;
				IPHONEOS_DEPLOYMENT_TARGET = 8.1;
				MTL_ENABLE_DEBUG_INFO = YES;
				ONLY_ACTIVE_ARCH = YES;
				SDKROOT = iphoneos;
			};
			name = Debug;
		};
		7BADD1301A8BD82B0005FC5E /* Release */ = {
			isa = XCBuildConfiguration;
			buildSettings = {
				ALWAYS_SEARCH_USER_PATHS = YES;
				CLANG_CXX_LANGUAGE_STANDARD = "gnu++0x";
				CLANG_CXX_LIBRARY = "libc++";
				CLANG_ENABLE_MODULES = YES;
				CLANG_ENABLE_OBJC_ARC = YES;
				CLANG_WARN_BOOL_CONVERSION = YES;
				CLANG_WARN_CONSTANT_CONVERSION = YES;
				CLANG_WARN_DIRECT_OBJC_ISA_USAGE = YES_ERROR;
				CLANG_WARN_EMPTY_BODY = YES;
				CLANG_WARN_ENUM_CONVERSION = YES;
				CLANG_WARN_INT_CONVERSION = YES;
				CLANG_WARN_OBJC_ROOT_CLASS = YES_ERROR;
				CLANG_WARN_UNREACHABLE_CODE = YES;
				CLANG_WARN__DUPLICATE_METHOD_MATCH = YES;
				COPY_PHASE_STRIP = YES;
				ENABLE_NS_ASSERTIONS = NO;
				ENABLE_STRICT_OBJC_MSGSEND = YES;
				GCC_C_LANGUAGE_STANDARD = gnu99;
				GCC_WARN_64_TO_32_BIT_CONVERSION = YES;
				GCC_WARN_ABOUT_RETURN_TYPE = YES_ERROR;
				GCC_WARN_UNDECLARED_SELECTOR = YES;
				GCC_WARN_UNINITIALIZED_AUTOS = YES_AGGRESSIVE;
				GCC_WARN_UNUSED_FUNCTION = YES;
				GCC_WARN_UNUSED_VARIABLE = YES;
				IPHONEOS_DEPLOYMENT_TARGET = 8.1;
				MTL_ENABLE_DEBUG_INFO = NO;
				SDKROOT = iphoneos;
				VALIDATE_PRODUCT = YES;
			};
			name = Release;
		};
		7BADD1321A8BD82B0005FC5E /* Debug */ = {
			isa = XCBuildConfiguration;
			buildSettings = {
				OTHER_LDFLAGS = "-ObjC";
				PRODUCT_NAME = "$(TARGET_NAME)";
				SKIP_INSTALL = YES;
			};
			name = Debug;
		};
		7BADD1331A8BD82B0005FC5E /* Release */ = {
			isa = XCBuildConfiguration;
			buildSettings = {
				OTHER_LDFLAGS = "-ObjC";
				PRODUCT_NAME = "$(TARGET_NAME)";
				SKIP_INSTALL = YES;
			};
			name = Release;
		};
		7BF770B01AA4A4C2007BCAD6 /* Debug */ = {
			isa = XCBuildConfiguration;
			baseConfigurationReference = B959F1E5B85C392AC8A201F4 /* Pods-Syncing Tests.debug.xcconfig */;
			buildSettings = {
				FRAMEWORK_SEARCH_PATHS = "";
				"FRAMEWORK_SEARCH_PATHS[arch=*]" = (
					"$(SDKROOT)/Developer/Library/Frameworks",
					"$(inherited)",
				);
				GCC_PREPROCESSOR_DEFINITIONS = (
					"DEBUG=1",
					"$(inherited)",
				);
				"HEADER_SEARCH_PATHS[arch=*]" = "";
				INFOPLIST_FILE = "Syncing Tests/Info.plist";
				LD_RUNPATH_SEARCH_PATHS = "$(inherited) @executable_path/Frameworks @loader_path/Frameworks";
				LIBRARY_SEARCH_PATHS = (
					"$(inherited)",
					"$(PROJECT_DIR)/Pods/build/Debug-iphoneos",
				);
				"LIBRARY_SEARCH_PATHS[arch=*]" = (
					"$(inherited)",
					"$(PROJECT_DIR)/Pods/build/Debug-iphoneos",
				);
				OTHER_LDFLAGS = "-ObjC";
				PRODUCT_NAME = "$(TARGET_NAME)";
			};
			name = Debug;
		};
		7BF770B11AA4A4C2007BCAD6 /* Release */ = {
			isa = XCBuildConfiguration;
			baseConfigurationReference = 161FA42493D632D90DCC02EC /* Pods-Syncing Tests.release.xcconfig */;
			buildSettings = {
				FRAMEWORK_SEARCH_PATHS = "";
				"FRAMEWORK_SEARCH_PATHS[arch=*]" = (
					"$(SDKROOT)/Developer/Library/Frameworks",
					"$(inherited)",
				);
				"HEADER_SEARCH_PATHS[arch=*]" = "";
				INFOPLIST_FILE = "Syncing Tests/Info.plist";
				LD_RUNPATH_SEARCH_PATHS = "$(inherited) @executable_path/Frameworks @loader_path/Frameworks";
				LIBRARY_SEARCH_PATHS = (
					"$(inherited)",
					"$(PROJECT_DIR)/Pods/build/Debug-iphoneos",
				);
				OTHER_LDFLAGS = "-ObjC";
				PRODUCT_NAME = "$(TARGET_NAME)";
			};
			name = Release;
		};
/* End XCBuildConfiguration section */

/* Begin XCConfigurationList section */
		7BADD1181A8BD82B0005FC5E /* Build configuration list for PBXProject "Syncing" */ = {
			isa = XCConfigurationList;
			buildConfigurations = (
				7BADD12F1A8BD82B0005FC5E /* Debug */,
				7BADD1301A8BD82B0005FC5E /* Release */,
			);
			defaultConfigurationIsVisible = 0;
			defaultConfigurationName = Release;
		};
		7BADD1311A8BD82B0005FC5E /* Build configuration list for PBXNativeTarget "Syncing" */ = {
			isa = XCConfigurationList;
			buildConfigurations = (
				7BADD1321A8BD82B0005FC5E /* Debug */,
				7BADD1331A8BD82B0005FC5E /* Release */,
			);
			defaultConfigurationIsVisible = 0;
			defaultConfigurationName = Release;
		};
		7BF770B21AA4A4C2007BCAD6 /* Build configuration list for PBXNativeTarget "Syncing Tests" */ = {
			isa = XCConfigurationList;
			buildConfigurations = (
				7BF770B01AA4A4C2007BCAD6 /* Debug */,
				7BF770B11AA4A4C2007BCAD6 /* Release */,
			);
			defaultConfigurationIsVisible = 0;
			defaultConfigurationName = Release;
		};
/* End XCConfigurationList section */
	};
	rootObject = 7BADD1151A8BD82B0005FC5E /* Project object */;
}
